
Microsoft Visual Studio Solution File, Format Version 12.00
# Visual Studio Version 16
VisualStudioVersion = 16.0.31105.61
MinimumVisualStudioVersion = 10.0.40219.1
Project("{D954291E-2A0B-460D-934E-DC6B0785DB48}") = "Faregosoft.Shared", "Faregosoft\Faregosoft.Shared\Faregosoft.Shared.shproj", "{6279C845-92F8-4333-AB99-3D213163593C}"
EndProject
Project("{2150E333-8FDC-42A3-9474-1A3956D46DE8}") = "Platforms", "Platforms", "{9ADE2D49-E0DE-42AB-80B5-95357C40E0C1}"
EndProject
Project("{FAE04EC0-301F-11D3-BF4B-00C04F79EFBC}") = "Faregosoft.Droid", "Faregosoft\Faregosoft.Droid\Faregosoft.Droid.csproj", "{601FDA62-6763-425A-A10B-514261AE7556}"
EndProject
Project("{FAE04EC0-301F-11D3-BF4B-00C04F79EFBC}") = "Faregosoft.iOS", "Faregosoft\Faregosoft.iOS\Faregosoft.iOS.csproj", "{D3FA717D-283A-47E6-A66A-10CDBEC3A6F7}"
EndProject
Project("{FAE04EC0-301F-11D3-BF4B-00C04F79EFBC}") = "Faregosoft.UWP", "Faregosoft\Faregosoft.UWP\Faregosoft.UWP.csproj", "{81D9C899-49F5-49BE-9C2B-A091A278944F}"
EndProject
Project("{9A19103F-16F7-4668-BE54-9A1E7A4F7556}") = "Faregosoft.Wasm", "Faregosoft\Faregosoft.Wasm\Faregosoft.Wasm.csproj", "{AEF55C89-557A-43E0-9B99-920A9C81A795}"
EndProject
Project("{FAE04EC0-301F-11D3-BF4B-00C04F79EFBC}") = "Faregosoft.macOS", "Faregosoft\Faregosoft.macOS\Faregosoft.macOS.csproj", "{6E9AA21C-8837-4275-A2DB-3C80E811FB60}"
EndProject
Project("{9A19103F-16F7-4668-BE54-9A1E7A4F7556}") = "Faregosoft.Skia.Wpf.Host", "Faregosoft\Faregosoft.Skia.Wpf.Host\Faregosoft.Skia.Wpf.Host.csproj", "{03A34F9E-9D9A-408E-8724-6601BC9982B6}"
EndProject
Project("{9A19103F-16F7-4668-BE54-9A1E7A4F7556}") = "Faregosoft.Skia.Wpf", "Faregosoft\Faregosoft.Skia.Wpf\Faregosoft.Skia.Wpf.csproj", "{E095E84A-6F38-4C13-AA82-7639D033595A}"
EndProject
Project("{9A19103F-16F7-4668-BE54-9A1E7A4F7556}") = "Faregosoft.Skia.Gtk", "Faregosoft\Faregosoft.Skia.Gtk\Faregosoft.Skia.Gtk.csproj", "{D5A081DE-0C42-4722-A195-D1BA813E3E67}"
EndProject
Project("{9A19103F-16F7-4668-BE54-9A1E7A4F7556}") = "Faregosoft.Skia.Tizen", "Faregosoft\Faregosoft.Skia.Tizen\Faregosoft.Skia.Tizen.csproj", "{390F365F-1B12-467E-A172-6D5DAA0A4EA2}"
EndProject
Project("{9A19103F-16F7-4668-BE54-9A1E7A4F7556}") = "Faregosoft.Api", "Faregosoft.Api\Faregosoft.Api.csproj", "{68982908-47ED-4639-80AB-8AA8C964BA27}"
EndProject
Global
	GlobalSection(SharedMSBuildProjectFiles) = preSolution
		Faregosoft\Faregosoft.Shared\Faregosoft.Shared.projitems*{390f365f-1b12-467e-a172-6d5daa0a4ea2}*SharedItemsImports = 5
		Faregosoft\Faregosoft.Shared\Faregosoft.Shared.projitems*{601fda62-6763-425a-a10b-514261ae7556}*SharedItemsImports = 4
		Faregosoft\Faregosoft.Shared\Faregosoft.Shared.projitems*{6279c845-92f8-4333-ab99-3d213163593c}*SharedItemsImports = 13
		Faregosoft\Faregosoft.Shared\Faregosoft.Shared.projitems*{6e9aa21c-8837-4275-a2db-3c80e811fb60}*SharedItemsImports = 4
		Faregosoft\Faregosoft.Shared\Faregosoft.Shared.projitems*{81d9c899-49f5-49be-9c2b-a091a278944f}*SharedItemsImports = 4
		Faregosoft\Faregosoft.Shared\Faregosoft.Shared.projitems*{aef55c89-557a-43e0-9b99-920a9c81a795}*SharedItemsImports = 5
		Faregosoft\Faregosoft.Shared\Faregosoft.Shared.projitems*{d3fa717d-283a-47e6-a66a-10cdbec3a6f7}*SharedItemsImports = 4
		Faregosoft\Faregosoft.Shared\Faregosoft.Shared.projitems*{d5a081de-0c42-4722-a195-d1ba813e3e67}*SharedItemsImports = 5
		Faregosoft\Faregosoft.Shared\Faregosoft.Shared.projitems*{e095e84a-6f38-4c13-aa82-7639d033595a}*SharedItemsImports = 5
	EndGlobalSection
	GlobalSection(SolutionConfigurationPlatforms) = preSolution
		Ad-Hoc|Any CPU = Ad-Hoc|Any CPU
		Ad-Hoc|ARM = Ad-Hoc|ARM
		Ad-Hoc|ARM64 = Ad-Hoc|ARM64
		Ad-Hoc|iPhone = Ad-Hoc|iPhone
		Ad-Hoc|iPhoneSimulator = Ad-Hoc|iPhoneSimulator
		Ad-Hoc|x64 = Ad-Hoc|x64
		Ad-Hoc|x86 = Ad-Hoc|x86
		AppStore|Any CPU = AppStore|Any CPU
		AppStore|ARM = AppStore|ARM
		AppStore|ARM64 = AppStore|ARM64
		AppStore|iPhone = AppStore|iPhone
		AppStore|iPhoneSimulator = AppStore|iPhoneSimulator
		AppStore|x64 = AppStore|x64
		AppStore|x86 = AppStore|x86
		Debug|Any CPU = Debug|Any CPU
		Debug|ARM = Debug|ARM
		Debug|ARM64 = Debug|ARM64
		Debug|iPhone = Debug|iPhone
		Debug|iPhoneSimulator = Debug|iPhoneSimulator
		Debug|x64 = Debug|x64
		Debug|x86 = Debug|x86
		Release|Any CPU = Release|Any CPU
		Release|ARM = Release|ARM
		Release|ARM64 = Release|ARM64
		Release|iPhone = Release|iPhone
		Release|iPhoneSimulator = Release|iPhoneSimulator
		Release|x64 = Release|x64
		Release|x86 = Release|x86
	EndGlobalSection
	GlobalSection(ProjectConfigurationPlatforms) = postSolution
		{601FDA62-6763-425A-A10B-514261AE7556}.Ad-Hoc|Any CPU.ActiveCfg = Debug|Any CPU
		{601FDA62-6763-425A-A10B-514261AE7556}.Ad-Hoc|Any CPU.Build.0 = Debug|Any CPU
		{601FDA62-6763-425A-A10B-514261AE7556}.Ad-Hoc|Any CPU.Deploy.0 = Debug|Any CPU
		{601FDA62-6763-425A-A10B-514261AE7556}.Ad-Hoc|ARM.ActiveCfg = Debug|Any CPU
		{601FDA62-6763-425A-A10B-514261AE7556}.Ad-Hoc|ARM.Build.0 = Debug|Any CPU
		{601FDA62-6763-425A-A10B-514261AE7556}.Ad-Hoc|ARM.Deploy.0 = Debug|Any CPU
		{601FDA62-6763-425A-A10B-514261AE7556}.Ad-Hoc|ARM64.ActiveCfg = Debug|Any CPU
		{601FDA62-6763-425A-A10B-514261AE7556}.Ad-Hoc|ARM64.Build.0 = Debug|Any CPU
		{601FDA62-6763-425A-A10B-514261AE7556}.Ad-Hoc|ARM64.Deploy.0 = Debug|Any CPU
		{601FDA62-6763-425A-A10B-514261AE7556}.Ad-Hoc|iPhone.ActiveCfg = Debug|Any CPU
		{601FDA62-6763-425A-A10B-514261AE7556}.Ad-Hoc|iPhone.Build.0 = Debug|Any CPU
		{601FDA62-6763-425A-A10B-514261AE7556}.Ad-Hoc|iPhone.Deploy.0 = Debug|Any CPU
		{601FDA62-6763-425A-A10B-514261AE7556}.Ad-Hoc|iPhoneSimulator.ActiveCfg = Debug|Any CPU
		{601FDA62-6763-425A-A10B-514261AE7556}.Ad-Hoc|iPhoneSimulator.Build.0 = Debug|Any CPU
		{601FDA62-6763-425A-A10B-514261AE7556}.Ad-Hoc|iPhoneSimulator.Deploy.0 = Debug|Any CPU
		{601FDA62-6763-425A-A10B-514261AE7556}.Ad-Hoc|x64.ActiveCfg = Debug|Any CPU
		{601FDA62-6763-425A-A10B-514261AE7556}.Ad-Hoc|x64.Build.0 = Debug|Any CPU
		{601FDA62-6763-425A-A10B-514261AE7556}.Ad-Hoc|x64.Deploy.0 = Debug|Any CPU
		{601FDA62-6763-425A-A10B-514261AE7556}.Ad-Hoc|x86.ActiveCfg = Debug|Any CPU
		{601FDA62-6763-425A-A10B-514261AE7556}.Ad-Hoc|x86.Build.0 = Debug|Any CPU
		{601FDA62-6763-425A-A10B-514261AE7556}.Ad-Hoc|x86.Deploy.0 = Debug|Any CPU
		{601FDA62-6763-425A-A10B-514261AE7556}.AppStore|Any CPU.ActiveCfg = Debug|Any CPU
		{601FDA62-6763-425A-A10B-514261AE7556}.AppStore|Any CPU.Build.0 = Debug|Any CPU
		{601FDA62-6763-425A-A10B-514261AE7556}.AppStore|Any CPU.Deploy.0 = Debug|Any CPU
		{601FDA62-6763-425A-A10B-514261AE7556}.AppStore|ARM.ActiveCfg = Debug|Any CPU
		{601FDA62-6763-425A-A10B-514261AE7556}.AppStore|ARM.Build.0 = Debug|Any CPU
		{601FDA62-6763-425A-A10B-514261AE7556}.AppStore|ARM.Deploy.0 = Debug|Any CPU
		{601FDA62-6763-425A-A10B-514261AE7556}.AppStore|ARM64.ActiveCfg = Debug|Any CPU
		{601FDA62-6763-425A-A10B-514261AE7556}.AppStore|ARM64.Build.0 = Debug|Any CPU
		{601FDA62-6763-425A-A10B-514261AE7556}.AppStore|ARM64.Deploy.0 = Debug|Any CPU
		{601FDA62-6763-425A-A10B-514261AE7556}.AppStore|iPhone.ActiveCfg = Debug|Any CPU
		{601FDA62-6763-425A-A10B-514261AE7556}.AppStore|iPhone.Build.0 = Debug|Any CPU
		{601FDA62-6763-425A-A10B-514261AE7556}.AppStore|iPhone.Deploy.0 = Debug|Any CPU
		{601FDA62-6763-425A-A10B-514261AE7556}.AppStore|iPhoneSimulator.ActiveCfg = Debug|Any CPU
		{601FDA62-6763-425A-A10B-514261AE7556}.AppStore|iPhoneSimulator.Build.0 = Debug|Any CPU
		{601FDA62-6763-425A-A10B-514261AE7556}.AppStore|iPhoneSimulator.Deploy.0 = Debug|Any CPU
		{601FDA62-6763-425A-A10B-514261AE7556}.AppStore|x64.ActiveCfg = Debug|Any CPU
		{601FDA62-6763-425A-A10B-514261AE7556}.AppStore|x64.Build.0 = Debug|Any CPU
		{601FDA62-6763-425A-A10B-514261AE7556}.AppStore|x64.Deploy.0 = Debug|Any CPU
		{601FDA62-6763-425A-A10B-514261AE7556}.AppStore|x86.ActiveCfg = Debug|Any CPU
		{601FDA62-6763-425A-A10B-514261AE7556}.AppStore|x86.Build.0 = Debug|Any CPU
		{601FDA62-6763-425A-A10B-514261AE7556}.AppStore|x86.Deploy.0 = Debug|Any CPU
		{601FDA62-6763-425A-A10B-514261AE7556}.Debug|Any CPU.ActiveCfg = Debug|Any CPU
		{601FDA62-6763-425A-A10B-514261AE7556}.Debug|Any CPU.Build.0 = Debug|Any CPU
		{601FDA62-6763-425A-A10B-514261AE7556}.Debug|Any CPU.Deploy.0 = Debug|Any CPU
		{601FDA62-6763-425A-A10B-514261AE7556}.Debug|ARM.ActiveCfg = Debug|Any CPU
		{601FDA62-6763-425A-A10B-514261AE7556}.Debug|ARM.Build.0 = Debug|Any CPU
		{601FDA62-6763-425A-A10B-514261AE7556}.Debug|ARM.Deploy.0 = Debug|Any CPU
		{601FDA62-6763-425A-A10B-514261AE7556}.Debug|ARM64.ActiveCfg = Debug|Any CPU
		{601FDA62-6763-425A-A10B-514261AE7556}.Debug|ARM64.Build.0 = Debug|Any CPU
		{601FDA62-6763-425A-A10B-514261AE7556}.Debug|ARM64.Deploy.0 = Debug|Any CPU
		{601FDA62-6763-425A-A10B-514261AE7556}.Debug|iPhone.ActiveCfg = Debug|Any CPU
		{601FDA62-6763-425A-A10B-514261AE7556}.Debug|iPhone.Build.0 = Debug|Any CPU
		{601FDA62-6763-425A-A10B-514261AE7556}.Debug|iPhone.Deploy.0 = Debug|Any CPU
		{601FDA62-6763-425A-A10B-514261AE7556}.Debug|iPhoneSimulator.ActiveCfg = Debug|Any CPU
		{601FDA62-6763-425A-A10B-514261AE7556}.Debug|iPhoneSimulator.Build.0 = Debug|Any CPU
		{601FDA62-6763-425A-A10B-514261AE7556}.Debug|iPhoneSimulator.Deploy.0 = Debug|Any CPU
		{601FDA62-6763-425A-A10B-514261AE7556}.Debug|x64.ActiveCfg = Debug|Any CPU
		{601FDA62-6763-425A-A10B-514261AE7556}.Debug|x64.Build.0 = Debug|Any CPU
		{601FDA62-6763-425A-A10B-514261AE7556}.Debug|x64.Deploy.0 = Debug|Any CPU
		{601FDA62-6763-425A-A10B-514261AE7556}.Debug|x86.ActiveCfg = Debug|Any CPU
		{601FDA62-6763-425A-A10B-514261AE7556}.Debug|x86.Build.0 = Debug|Any CPU
		{601FDA62-6763-425A-A10B-514261AE7556}.Debug|x86.Deploy.0 = Debug|Any CPU
		{601FDA62-6763-425A-A10B-514261AE7556}.Release|Any CPU.ActiveCfg = Release|Any CPU
		{601FDA62-6763-425A-A10B-514261AE7556}.Release|Any CPU.Build.0 = Release|Any CPU
		{601FDA62-6763-425A-A10B-514261AE7556}.Release|Any CPU.Deploy.0 = Release|Any CPU
		{601FDA62-6763-425A-A10B-514261AE7556}.Release|ARM.ActiveCfg = Release|Any CPU
		{601FDA62-6763-425A-A10B-514261AE7556}.Release|ARM.Build.0 = Release|Any CPU
		{601FDA62-6763-425A-A10B-514261AE7556}.Release|ARM.Deploy.0 = Release|Any CPU
		{601FDA62-6763-425A-A10B-514261AE7556}.Release|ARM64.ActiveCfg = Release|Any CPU
		{601FDA62-6763-425A-A10B-514261AE7556}.Release|ARM64.Build.0 = Release|Any CPU
		{601FDA62-6763-425A-A10B-514261AE7556}.Release|ARM64.Deploy.0 = Release|Any CPU
		{601FDA62-6763-425A-A10B-514261AE7556}.Release|iPhone.ActiveCfg = Release|Any CPU
		{601FDA62-6763-425A-A10B-514261AE7556}.Release|iPhone.Build.0 = Release|Any CPU
		{601FDA62-6763-425A-A10B-514261AE7556}.Release|iPhone.Deploy.0 = Release|Any CPU
		{601FDA62-6763-425A-A10B-514261AE7556}.Release|iPhoneSimulator.ActiveCfg = Release|Any CPU
		{601FDA62-6763-425A-A10B-514261AE7556}.Release|iPhoneSimulator.Build.0 = Release|Any CPU
		{601FDA62-6763-425A-A10B-514261AE7556}.Release|iPhoneSimulator.Deploy.0 = Release|Any CPU
		{601FDA62-6763-425A-A10B-514261AE7556}.Release|x64.ActiveCfg = Release|Any CPU
		{601FDA62-6763-425A-A10B-514261AE7556}.Release|x64.Build.0 = Release|Any CPU
		{601FDA62-6763-425A-A10B-514261AE7556}.Release|x64.Deploy.0 = Release|Any CPU
		{601FDA62-6763-425A-A10B-514261AE7556}.Release|x86.ActiveCfg = Release|Any CPU
		{601FDA62-6763-425A-A10B-514261AE7556}.Release|x86.Build.0 = Release|Any CPU
		{601FDA62-6763-425A-A10B-514261AE7556}.Release|x86.Deploy.0 = Release|Any CPU
		{D3FA717D-283A-47E6-A66A-10CDBEC3A6F7}.Ad-Hoc|Any CPU.ActiveCfg = Ad-Hoc|iPhoneSimulator
		{D3FA717D-283A-47E6-A66A-10CDBEC3A6F7}.Ad-Hoc|ARM.ActiveCfg = Ad-Hoc|iPhoneSimulator
		{D3FA717D-283A-47E6-A66A-10CDBEC3A6F7}.Ad-Hoc|ARM64.ActiveCfg = Ad-Hoc|iPhoneSimulator
		{D3FA717D-283A-47E6-A66A-10CDBEC3A6F7}.Ad-Hoc|iPhone.ActiveCfg = Ad-Hoc|iPhone
		{D3FA717D-283A-47E6-A66A-10CDBEC3A6F7}.Ad-Hoc|iPhone.Build.0 = Ad-Hoc|iPhone
		{D3FA717D-283A-47E6-A66A-10CDBEC3A6F7}.Ad-Hoc|iPhoneSimulator.ActiveCfg = Ad-Hoc|iPhoneSimulator
		{D3FA717D-283A-47E6-A66A-10CDBEC3A6F7}.Ad-Hoc|iPhoneSimulator.Build.0 = Ad-Hoc|iPhoneSimulator
		{D3FA717D-283A-47E6-A66A-10CDBEC3A6F7}.Ad-Hoc|x64.ActiveCfg = Ad-Hoc|iPhoneSimulator
		{D3FA717D-283A-47E6-A66A-10CDBEC3A6F7}.Ad-Hoc|x86.ActiveCfg = Ad-Hoc|iPhoneSimulator
		{D3FA717D-283A-47E6-A66A-10CDBEC3A6F7}.AppStore|Any CPU.ActiveCfg = AppStore|iPhoneSimulator
		{D3FA717D-283A-47E6-A66A-10CDBEC3A6F7}.AppStore|ARM.ActiveCfg = AppStore|iPhoneSimulator
		{D3FA717D-283A-47E6-A66A-10CDBEC3A6F7}.AppStore|ARM64.ActiveCfg = AppStore|iPhoneSimulator
		{D3FA717D-283A-47E6-A66A-10CDBEC3A6F7}.AppStore|iPhone.ActiveCfg = AppStore|iPhone
		{D3FA717D-283A-47E6-A66A-10CDBEC3A6F7}.AppStore|iPhone.Build.0 = AppStore|iPhone
		{D3FA717D-283A-47E6-A66A-10CDBEC3A6F7}.AppStore|iPhoneSimulator.ActiveCfg = AppStore|iPhoneSimulator
		{D3FA717D-283A-47E6-A66A-10CDBEC3A6F7}.AppStore|iPhoneSimulator.Build.0 = AppStore|iPhoneSimulator
		{D3FA717D-283A-47E6-A66A-10CDBEC3A6F7}.AppStore|x64.ActiveCfg = AppStore|iPhoneSimulator
		{D3FA717D-283A-47E6-A66A-10CDBEC3A6F7}.AppStore|x86.ActiveCfg = AppStore|iPhoneSimulator
		{D3FA717D-283A-47E6-A66A-10CDBEC3A6F7}.Debug|Any CPU.ActiveCfg = Debug|iPhoneSimulator
		{D3FA717D-283A-47E6-A66A-10CDBEC3A6F7}.Debug|Any CPU.Build.0 = Debug|iPhoneSimulator
		{D3FA717D-283A-47E6-A66A-10CDBEC3A6F7}.Debug|ARM.ActiveCfg = Debug|iPhoneSimulator
		{D3FA717D-283A-47E6-A66A-10CDBEC3A6F7}.Debug|ARM64.ActiveCfg = Debug|iPhoneSimulator
		{D3FA717D-283A-47E6-A66A-10CDBEC3A6F7}.Debug|iPhone.ActiveCfg = Debug|iPhone
		{D3FA717D-283A-47E6-A66A-10CDBEC3A6F7}.Debug|iPhone.Build.0 = Debug|iPhone
		{D3FA717D-283A-47E6-A66A-10CDBEC3A6F7}.Debug|iPhoneSimulator.ActiveCfg = Debug|iPhoneSimulator
		{D3FA717D-283A-47E6-A66A-10CDBEC3A6F7}.Debug|iPhoneSimulator.Build.0 = Debug|iPhoneSimulator
		{D3FA717D-283A-47E6-A66A-10CDBEC3A6F7}.Debug|x64.ActiveCfg = Debug|iPhoneSimulator
		{D3FA717D-283A-47E6-A66A-10CDBEC3A6F7}.Debug|x86.ActiveCfg = Debug|iPhoneSimulator
		{D3FA717D-283A-47E6-A66A-10CDBEC3A6F7}.Release|Any CPU.ActiveCfg = Release|iPhoneSimulator
		{D3FA717D-283A-47E6-A66A-10CDBEC3A6F7}.Release|ARM.ActiveCfg = Release|iPhoneSimulator
		{D3FA717D-283A-47E6-A66A-10CDBEC3A6F7}.Release|ARM64.ActiveCfg = Release|iPhoneSimulator
		{D3FA717D-283A-47E6-A66A-10CDBEC3A6F7}.Release|iPhone.ActiveCfg = Release|iPhone
		{D3FA717D-283A-47E6-A66A-10CDBEC3A6F7}.Release|iPhone.Build.0 = Release|iPhone
		{D3FA717D-283A-47E6-A66A-10CDBEC3A6F7}.Release|iPhoneSimulator.ActiveCfg = Release|iPhoneSimulator
		{D3FA717D-283A-47E6-A66A-10CDBEC3A6F7}.Release|iPhoneSimulator.Build.0 = Release|iPhoneSimulator
		{D3FA717D-283A-47E6-A66A-10CDBEC3A6F7}.Release|x64.ActiveCfg = Release|iPhoneSimulator
		{D3FA717D-283A-47E6-A66A-10CDBEC3A6F7}.Release|x86.ActiveCfg = Release|iPhoneSimulator
		{81D9C899-49F5-49BE-9C2B-A091A278944F}.Ad-Hoc|Any CPU.ActiveCfg = Debug|x86
		{81D9C899-49F5-49BE-9C2B-A091A278944F}.Ad-Hoc|Any CPU.Build.0 = Debug|x86
		{81D9C899-49F5-49BE-9C2B-A091A278944F}.Ad-Hoc|Any CPU.Deploy.0 = Debug|x86
		{81D9C899-49F5-49BE-9C2B-A091A278944F}.Ad-Hoc|ARM.ActiveCfg = Debug|ARM
		{81D9C899-49F5-49BE-9C2B-A091A278944F}.Ad-Hoc|ARM.Build.0 = Debug|ARM
		{81D9C899-49F5-49BE-9C2B-A091A278944F}.Ad-Hoc|ARM.Deploy.0 = Debug|ARM
		{81D9C899-49F5-49BE-9C2B-A091A278944F}.Ad-Hoc|ARM64.ActiveCfg = Debug|ARM64
		{81D9C899-49F5-49BE-9C2B-A091A278944F}.Ad-Hoc|ARM64.Build.0 = Debug|ARM64
		{81D9C899-49F5-49BE-9C2B-A091A278944F}.Ad-Hoc|ARM64.Deploy.0 = Debug|ARM64
		{81D9C899-49F5-49BE-9C2B-A091A278944F}.Ad-Hoc|iPhone.ActiveCfg = Debug|x86
		{81D9C899-49F5-49BE-9C2B-A091A278944F}.Ad-Hoc|iPhone.Build.0 = Debug|x86
		{81D9C899-49F5-49BE-9C2B-A091A278944F}.Ad-Hoc|iPhone.Deploy.0 = Debug|x86
		{81D9C899-49F5-49BE-9C2B-A091A278944F}.Ad-Hoc|iPhoneSimulator.ActiveCfg = Debug|x86
		{81D9C899-49F5-49BE-9C2B-A091A278944F}.Ad-Hoc|iPhoneSimulator.Build.0 = Debug|x86
		{81D9C899-49F5-49BE-9C2B-A091A278944F}.Ad-Hoc|iPhoneSimulator.Deploy.0 = Debug|x86
		{81D9C899-49F5-49BE-9C2B-A091A278944F}.Ad-Hoc|x64.ActiveCfg = Debug|x64
		{81D9C899-49F5-49BE-9C2B-A091A278944F}.Ad-Hoc|x64.Build.0 = Debug|x64
		{81D9C899-49F5-49BE-9C2B-A091A278944F}.Ad-Hoc|x64.Deploy.0 = Debug|x64
		{81D9C899-49F5-49BE-9C2B-A091A278944F}.Ad-Hoc|x86.ActiveCfg = Debug|x86
		{81D9C899-49F5-49BE-9C2B-A091A278944F}.Ad-Hoc|x86.Build.0 = Debug|x86
		{81D9C899-49F5-49BE-9C2B-A091A278944F}.Ad-Hoc|x86.Deploy.0 = Debug|x86
		{81D9C899-49F5-49BE-9C2B-A091A278944F}.AppStore|Any CPU.ActiveCfg = Debug|x86
		{81D9C899-49F5-49BE-9C2B-A091A278944F}.AppStore|Any CPU.Build.0 = Debug|x86
		{81D9C899-49F5-49BE-9C2B-A091A278944F}.AppStore|Any CPU.Deploy.0 = Debug|x86
		{81D9C899-49F5-49BE-9C2B-A091A278944F}.AppStore|ARM.ActiveCfg = Debug|ARM
		{81D9C899-49F5-49BE-9C2B-A091A278944F}.AppStore|ARM.Build.0 = Debug|ARM
		{81D9C899-49F5-49BE-9C2B-A091A278944F}.AppStore|ARM.Deploy.0 = Debug|ARM
		{81D9C899-49F5-49BE-9C2B-A091A278944F}.AppStore|ARM64.ActiveCfg = Debug|ARM64
		{81D9C899-49F5-49BE-9C2B-A091A278944F}.AppStore|ARM64.Build.0 = Debug|ARM64
		{81D9C899-49F5-49BE-9C2B-A091A278944F}.AppStore|ARM64.Deploy.0 = Debug|ARM64
		{81D9C899-49F5-49BE-9C2B-A091A278944F}.AppStore|iPhone.ActiveCfg = Debug|x86
		{81D9C899-49F5-49BE-9C2B-A091A278944F}.AppStore|iPhone.Build.0 = Debug|x86
		{81D9C899-49F5-49BE-9C2B-A091A278944F}.AppStore|iPhone.Deploy.0 = Debug|x86
		{81D9C899-49F5-49BE-9C2B-A091A278944F}.AppStore|iPhoneSimulator.ActiveCfg = Debug|x86
		{81D9C899-49F5-49BE-9C2B-A091A278944F}.AppStore|iPhoneSimulator.Build.0 = Debug|x86
		{81D9C899-49F5-49BE-9C2B-A091A278944F}.AppStore|iPhoneSimulator.Deploy.0 = Debug|x86
		{81D9C899-49F5-49BE-9C2B-A091A278944F}.AppStore|x64.ActiveCfg = Debug|x64
		{81D9C899-49F5-49BE-9C2B-A091A278944F}.AppStore|x64.Build.0 = Debug|x64
		{81D9C899-49F5-49BE-9C2B-A091A278944F}.AppStore|x64.Deploy.0 = Debug|x64
		{81D9C899-49F5-49BE-9C2B-A091A278944F}.AppStore|x86.ActiveCfg = Debug|x86
		{81D9C899-49F5-49BE-9C2B-A091A278944F}.AppStore|x86.Build.0 = Debug|x86
		{81D9C899-49F5-49BE-9C2B-A091A278944F}.AppStore|x86.Deploy.0 = Debug|x86
		{81D9C899-49F5-49BE-9C2B-A091A278944F}.Debug|Any CPU.ActiveCfg = Debug|x86
		{81D9C899-49F5-49BE-9C2B-A091A278944F}.Debug|Any CPU.Build.0 = Debug|x86
		{81D9C899-49F5-49BE-9C2B-A091A278944F}.Debug|Any CPU.Deploy.0 = Debug|x86
		{81D9C899-49F5-49BE-9C2B-A091A278944F}.Debug|ARM.ActiveCfg = Debug|ARM
		{81D9C899-49F5-49BE-9C2B-A091A278944F}.Debug|ARM.Build.0 = Debug|ARM
		{81D9C899-49F5-49BE-9C2B-A091A278944F}.Debug|ARM.Deploy.0 = Debug|ARM
		{81D9C899-49F5-49BE-9C2B-A091A278944F}.Debug|ARM64.ActiveCfg = Debug|ARM64
		{81D9C899-49F5-49BE-9C2B-A091A278944F}.Debug|ARM64.Build.0 = Debug|ARM64
		{81D9C899-49F5-49BE-9C2B-A091A278944F}.Debug|ARM64.Deploy.0 = Debug|ARM64
		{81D9C899-49F5-49BE-9C2B-A091A278944F}.Debug|iPhone.ActiveCfg = Debug|x86
		{81D9C899-49F5-49BE-9C2B-A091A278944F}.Debug|iPhoneSimulator.ActiveCfg = Debug|x86
		{81D9C899-49F5-49BE-9C2B-A091A278944F}.Debug|x64.ActiveCfg = Debug|x64
		{81D9C899-49F5-49BE-9C2B-A091A278944F}.Debug|x64.Build.0 = Debug|x64
		{81D9C899-49F5-49BE-9C2B-A091A278944F}.Debug|x64.Deploy.0 = Debug|x64
		{81D9C899-49F5-49BE-9C2B-A091A278944F}.Debug|x86.ActiveCfg = Debug|x86
		{81D9C899-49F5-49BE-9C2B-A091A278944F}.Debug|x86.Build.0 = Debug|x86
		{81D9C899-49F5-49BE-9C2B-A091A278944F}.Debug|x86.Deploy.0 = Debug|x86
		{81D9C899-49F5-49BE-9C2B-A091A278944F}.Release|Any CPU.ActiveCfg = Release|x86
		{81D9C899-49F5-49BE-9C2B-A091A278944F}.Release|ARM.ActiveCfg = Release|ARM
		{81D9C899-49F5-49BE-9C2B-A091A278944F}.Release|ARM.Build.0 = Release|ARM
		{81D9C899-49F5-49BE-9C2B-A091A278944F}.Release|ARM.Deploy.0 = Release|ARM
		{81D9C899-49F5-49BE-9C2B-A091A278944F}.Release|ARM64.ActiveCfg = Release|ARM64
		{81D9C899-49F5-49BE-9C2B-A091A278944F}.Release|ARM64.Build.0 = Release|ARM64
		{81D9C899-49F5-49BE-9C2B-A091A278944F}.Release|ARM64.Deploy.0 = Release|ARM64
		{81D9C899-49F5-49BE-9C2B-A091A278944F}.Release|iPhone.ActiveCfg = Release|x86
		{81D9C899-49F5-49BE-9C2B-A091A278944F}.Release|iPhoneSimulator.ActiveCfg = Release|x86
		{81D9C899-49F5-49BE-9C2B-A091A278944F}.Release|x64.ActiveCfg = Release|x64
		{81D9C899-49F5-49BE-9C2B-A091A278944F}.Release|x64.Build.0 = Release|x64
		{81D9C899-49F5-49BE-9C2B-A091A278944F}.Release|x64.Deploy.0 = Release|x64
		{81D9C899-49F5-49BE-9C2B-A091A278944F}.Release|x86.ActiveCfg = Release|x86
		{81D9C899-49F5-49BE-9C2B-A091A278944F}.Release|x86.Build.0 = Release|x86
		{81D9C899-49F5-49BE-9C2B-A091A278944F}.Release|x86.Deploy.0 = Release|x86
		{AEF55C89-557A-43E0-9B99-920A9C81A795}.Ad-Hoc|Any CPU.ActiveCfg = Debug|Any CPU
		{AEF55C89-557A-43E0-9B99-920A9C81A795}.Ad-Hoc|Any CPU.Build.0 = Debug|Any CPU
		{AEF55C89-557A-43E0-9B99-920A9C81A795}.Ad-Hoc|ARM.ActiveCfg = Debug|Any CPU
		{AEF55C89-557A-43E0-9B99-920A9C81A795}.Ad-Hoc|ARM.Build.0 = Debug|Any CPU
		{AEF55C89-557A-43E0-9B99-920A9C81A795}.Ad-Hoc|ARM64.ActiveCfg = Debug|Any CPU
		{AEF55C89-557A-43E0-9B99-920A9C81A795}.Ad-Hoc|ARM64.Build.0 = Debug|Any CPU
		{AEF55C89-557A-43E0-9B99-920A9C81A795}.Ad-Hoc|iPhone.ActiveCfg = Debug|Any CPU
		{AEF55C89-557A-43E0-9B99-920A9C81A795}.Ad-Hoc|iPhone.Build.0 = Debug|Any CPU
		{AEF55C89-557A-43E0-9B99-920A9C81A795}.Ad-Hoc|iPhoneSimulator.ActiveCfg = Debug|Any CPU
		{AEF55C89-557A-43E0-9B99-920A9C81A795}.Ad-Hoc|iPhoneSimulator.Build.0 = Debug|Any CPU
		{AEF55C89-557A-43E0-9B99-920A9C81A795}.Ad-Hoc|x64.ActiveCfg = Debug|Any CPU
		{AEF55C89-557A-43E0-9B99-920A9C81A795}.Ad-Hoc|x64.Build.0 = Debug|Any CPU
		{AEF55C89-557A-43E0-9B99-920A9C81A795}.Ad-Hoc|x86.ActiveCfg = Debug|Any CPU
		{AEF55C89-557A-43E0-9B99-920A9C81A795}.Ad-Hoc|x86.Build.0 = Debug|Any CPU
		{AEF55C89-557A-43E0-9B99-920A9C81A795}.AppStore|Any CPU.ActiveCfg = Debug|Any CPU
		{AEF55C89-557A-43E0-9B99-920A9C81A795}.AppStore|Any CPU.Build.0 = Debug|Any CPU
		{AEF55C89-557A-43E0-9B99-920A9C81A795}.AppStore|ARM.ActiveCfg = Debug|Any CPU
		{AEF55C89-557A-43E0-9B99-920A9C81A795}.AppStore|ARM.Build.0 = Debug|Any CPU
		{AEF55C89-557A-43E0-9B99-920A9C81A795}.AppStore|ARM64.ActiveCfg = Debug|Any CPU
		{AEF55C89-557A-43E0-9B99-920A9C81A795}.AppStore|ARM64.Build.0 = Debug|Any CPU
		{AEF55C89-557A-43E0-9B99-920A9C81A795}.AppStore|iPhone.ActiveCfg = Debug|Any CPU
		{AEF55C89-557A-43E0-9B99-920A9C81A795}.AppStore|iPhone.Build.0 = Debug|Any CPU
		{AEF55C89-557A-43E0-9B99-920A9C81A795}.AppStore|iPhoneSimulator.ActiveCfg = Debug|Any CPU
		{AEF55C89-557A-43E0-9B99-920A9C81A795}.AppStore|iPhoneSimulator.Build.0 = Debug|Any CPU
		{AEF55C89-557A-43E0-9B99-920A9C81A795}.AppStore|x64.ActiveCfg = Debug|Any CPU
		{AEF55C89-557A-43E0-9B99-920A9C81A795}.AppStore|x64.Build.0 = Debug|Any CPU
		{AEF55C89-557A-43E0-9B99-920A9C81A795}.AppStore|x86.ActiveCfg = Debug|Any CPU
		{AEF55C89-557A-43E0-9B99-920A9C81A795}.AppStore|x86.Build.0 = Debug|Any CPU
		{AEF55C89-557A-43E0-9B99-920A9C81A795}.Debug|Any CPU.ActiveCfg = Debug|Any CPU
		{AEF55C89-557A-43E0-9B99-920A9C81A795}.Debug|Any CPU.Build.0 = Debug|Any CPU
		{AEF55C89-557A-43E0-9B99-920A9C81A795}.Debug|ARM.ActiveCfg = Debug|Any CPU
		{AEF55C89-557A-43E0-9B99-920A9C81A795}.Debug|ARM.Build.0 = Debug|Any CPU
		{AEF55C89-557A-43E0-9B99-920A9C81A795}.Debug|ARM64.ActiveCfg = Debug|Any CPU
		{AEF55C89-557A-43E0-9B99-920A9C81A795}.Debug|ARM64.Build.0 = Debug|Any CPU
		{AEF55C89-557A-43E0-9B99-920A9C81A795}.Debug|iPhone.ActiveCfg = Debug|Any CPU
		{AEF55C89-557A-43E0-9B99-920A9C81A795}.Debug|iPhone.Build.0 = Debug|Any CPU
		{AEF55C89-557A-43E0-9B99-920A9C81A795}.Debug|iPhoneSimulator.ActiveCfg = Debug|Any CPU
		{AEF55C89-557A-43E0-9B99-920A9C81A795}.Debug|iPhoneSimulator.Build.0 = Debug|Any CPU
		{AEF55C89-557A-43E0-9B99-920A9C81A795}.Debug|x64.ActiveCfg = Debug|Any CPU
		{AEF55C89-557A-43E0-9B99-920A9C81A795}.Debug|x64.Build.0 = Debug|Any CPU
		{AEF55C89-557A-43E0-9B99-920A9C81A795}.Debug|x86.ActiveCfg = Debug|Any CPU
		{AEF55C89-557A-43E0-9B99-920A9C81A795}.Debug|x86.Build.0 = Debug|Any CPU
		{AEF55C89-557A-43E0-9B99-920A9C81A795}.Release|Any CPU.ActiveCfg = Release|Any CPU
		{AEF55C89-557A-43E0-9B99-920A9C81A795}.Release|Any CPU.Build.0 = Release|Any CPU
		{AEF55C89-557A-43E0-9B99-920A9C81A795}.Release|ARM.ActiveCfg = Release|Any CPU
		{AEF55C89-557A-43E0-9B99-920A9C81A795}.Release|ARM.Build.0 = Release|Any CPU
		{AEF55C89-557A-43E0-9B99-920A9C81A795}.Release|ARM64.ActiveCfg = Release|Any CPU
		{AEF55C89-557A-43E0-9B99-920A9C81A795}.Release|ARM64.Build.0 = Release|Any CPU
		{AEF55C89-557A-43E0-9B99-920A9C81A795}.Release|iPhone.ActiveCfg = Release|Any CPU
		{AEF55C89-557A-43E0-9B99-920A9C81A795}.Release|iPhone.Build.0 = Release|Any CPU
		{AEF55C89-557A-43E0-9B99-920A9C81A795}.Release|iPhoneSimulator.ActiveCfg = Release|Any CPU
		{AEF55C89-557A-43E0-9B99-920A9C81A795}.Release|iPhoneSimulator.Build.0 = Release|Any CPU
		{AEF55C89-557A-43E0-9B99-920A9C81A795}.Release|x64.ActiveCfg = Release|Any CPU
		{AEF55C89-557A-43E0-9B99-920A9C81A795}.Release|x64.Build.0 = Release|Any CPU
		{AEF55C89-557A-43E0-9B99-920A9C81A795}.Release|x86.ActiveCfg = Release|Any CPU
		{AEF55C89-557A-43E0-9B99-920A9C81A795}.Release|x86.Build.0 = Release|Any CPU
		{6E9AA21C-8837-4275-A2DB-3C80E811FB60}.Ad-Hoc|Any CPU.ActiveCfg = Debug|iPhoneSimulator
		{6E9AA21C-8837-4275-A2DB-3C80E811FB60}.Ad-Hoc|Any CPU.Build.0 = Debug|iPhoneSimulator
		{6E9AA21C-8837-4275-A2DB-3C80E811FB60}.Ad-Hoc|ARM.ActiveCfg = Debug|iPhoneSimulator
		{6E9AA21C-8837-4275-A2DB-3C80E811FB60}.Ad-Hoc|ARM.Build.0 = Debug|iPhoneSimulator
		{6E9AA21C-8837-4275-A2DB-3C80E811FB60}.Ad-Hoc|ARM64.ActiveCfg = Debug|iPhoneSimulator
		{6E9AA21C-8837-4275-A2DB-3C80E811FB60}.Ad-Hoc|ARM64.Build.0 = Debug|iPhoneSimulator
		{6E9AA21C-8837-4275-A2DB-3C80E811FB60}.Ad-Hoc|iPhone.ActiveCfg = Debug|iPhoneSimulator
		{6E9AA21C-8837-4275-A2DB-3C80E811FB60}.Ad-Hoc|iPhone.Build.0 = Debug|iPhoneSimulator
		{6E9AA21C-8837-4275-A2DB-3C80E811FB60}.Ad-Hoc|iPhoneSimulator.ActiveCfg = Debug|iPhoneSimulator
		{6E9AA21C-8837-4275-A2DB-3C80E811FB60}.Ad-Hoc|iPhoneSimulator.Build.0 = Debug|iPhoneSimulator
		{6E9AA21C-8837-4275-A2DB-3C80E811FB60}.Ad-Hoc|x64.ActiveCfg = Debug|iPhoneSimulator
		{6E9AA21C-8837-4275-A2DB-3C80E811FB60}.Ad-Hoc|x64.Build.0 = Debug|iPhoneSimulator
		{6E9AA21C-8837-4275-A2DB-3C80E811FB60}.Ad-Hoc|x86.ActiveCfg = Debug|iPhoneSimulator
		{6E9AA21C-8837-4275-A2DB-3C80E811FB60}.Ad-Hoc|x86.Build.0 = Debug|iPhoneSimulator
		{6E9AA21C-8837-4275-A2DB-3C80E811FB60}.AppStore|Any CPU.ActiveCfg = Debug|iPhoneSimulator
		{6E9AA21C-8837-4275-A2DB-3C80E811FB60}.AppStore|Any CPU.Build.0 = Debug|iPhoneSimulator
		{6E9AA21C-8837-4275-A2DB-3C80E811FB60}.AppStore|ARM.ActiveCfg = Debug|iPhoneSimulator
		{6E9AA21C-8837-4275-A2DB-3C80E811FB60}.AppStore|ARM.Build.0 = Debug|iPhoneSimulator
		{6E9AA21C-8837-4275-A2DB-3C80E811FB60}.AppStore|ARM64.ActiveCfg = Debug|iPhoneSimulator
		{6E9AA21C-8837-4275-A2DB-3C80E811FB60}.AppStore|ARM64.Build.0 = Debug|iPhoneSimulator
		{6E9AA21C-8837-4275-A2DB-3C80E811FB60}.AppStore|iPhone.ActiveCfg = Debug|iPhoneSimulator
		{6E9AA21C-8837-4275-A2DB-3C80E811FB60}.AppStore|iPhone.Build.0 = Debug|iPhoneSimulator
		{6E9AA21C-8837-4275-A2DB-3C80E811FB60}.AppStore|iPhoneSimulator.ActiveCfg = Debug|iPhoneSimulator
		{6E9AA21C-8837-4275-A2DB-3C80E811FB60}.AppStore|iPhoneSimulator.Build.0 = Debug|iPhoneSimulator
		{6E9AA21C-8837-4275-A2DB-3C80E811FB60}.AppStore|x64.ActiveCfg = Debug|iPhoneSimulator
		{6E9AA21C-8837-4275-A2DB-3C80E811FB60}.AppStore|x64.Build.0 = Debug|iPhoneSimulator
		{6E9AA21C-8837-4275-A2DB-3C80E811FB60}.AppStore|x86.ActiveCfg = Debug|iPhoneSimulator
		{6E9AA21C-8837-4275-A2DB-3C80E811FB60}.AppStore|x86.Build.0 = Debug|iPhoneSimulator
		{6E9AA21C-8837-4275-A2DB-3C80E811FB60}.Debug|Any CPU.ActiveCfg = Debug|iPhoneSimulator
		{6E9AA21C-8837-4275-A2DB-3C80E811FB60}.Debug|Any CPU.Build.0 = Debug|iPhoneSimulator
		{6E9AA21C-8837-4275-A2DB-3C80E811FB60}.Debug|ARM.ActiveCfg = Debug|iPhoneSimulator
		{6E9AA21C-8837-4275-A2DB-3C80E811FB60}.Debug|ARM64.ActiveCfg = Debug|iPhoneSimulator
		{6E9AA21C-8837-4275-A2DB-3C80E811FB60}.Debug|iPhone.ActiveCfg = Debug|iPhoneSimulator
		{6E9AA21C-8837-4275-A2DB-3C80E811FB60}.Debug|iPhoneSimulator.ActiveCfg = Debug|iPhoneSimulator
		{6E9AA21C-8837-4275-A2DB-3C80E811FB60}.Debug|iPhoneSimulator.Build.0 = Debug|iPhoneSimulator
		{6E9AA21C-8837-4275-A2DB-3C80E811FB60}.Debug|x64.ActiveCfg = Debug|iPhoneSimulator
		{6E9AA21C-8837-4275-A2DB-3C80E811FB60}.Debug|x86.ActiveCfg = Debug|iPhoneSimulator
		{6E9AA21C-8837-4275-A2DB-3C80E811FB60}.Release|Any CPU.ActiveCfg = Release|iPhoneSimulator
		{6E9AA21C-8837-4275-A2DB-3C80E811FB60}.Release|ARM.ActiveCfg = Release|iPhoneSimulator
		{6E9AA21C-8837-4275-A2DB-3C80E811FB60}.Release|ARM64.ActiveCfg = Release|iPhoneSimulator
		{6E9AA21C-8837-4275-A2DB-3C80E811FB60}.Release|iPhone.ActiveCfg = Release|iPhoneSimulator
		{6E9AA21C-8837-4275-A2DB-3C80E811FB60}.Release|iPhoneSimulator.ActiveCfg = Release|iPhoneSimulator
		{6E9AA21C-8837-4275-A2DB-3C80E811FB60}.Release|iPhoneSimulator.Build.0 = Release|iPhoneSimulator
		{6E9AA21C-8837-4275-A2DB-3C80E811FB60}.Release|x64.ActiveCfg = Release|iPhoneSimulator
		{6E9AA21C-8837-4275-A2DB-3C80E811FB60}.Release|x86.ActiveCfg = Release|iPhoneSimulator
		{03A34F9E-9D9A-408E-8724-6601BC9982B6}.Ad-Hoc|Any CPU.ActiveCfg = Debug|Any CPU
		{03A34F9E-9D9A-408E-8724-6601BC9982B6}.Ad-Hoc|Any CPU.Build.0 = Debug|Any CPU
		{03A34F9E-9D9A-408E-8724-6601BC9982B6}.Ad-Hoc|ARM.ActiveCfg = Debug|Any CPU
		{03A34F9E-9D9A-408E-8724-6601BC9982B6}.Ad-Hoc|ARM.Build.0 = Debug|Any CPU
		{03A34F9E-9D9A-408E-8724-6601BC9982B6}.Ad-Hoc|ARM64.ActiveCfg = Debug|Any CPU
		{03A34F9E-9D9A-408E-8724-6601BC9982B6}.Ad-Hoc|ARM64.Build.0 = Debug|Any CPU
		{03A34F9E-9D9A-408E-8724-6601BC9982B6}.Ad-Hoc|iPhone.ActiveCfg = Debug|Any CPU
		{03A34F9E-9D9A-408E-8724-6601BC9982B6}.Ad-Hoc|iPhone.Build.0 = Debug|Any CPU
		{03A34F9E-9D9A-408E-8724-6601BC9982B6}.Ad-Hoc|iPhoneSimulator.ActiveCfg = Debug|Any CPU
		{03A34F9E-9D9A-408E-8724-6601BC9982B6}.Ad-Hoc|iPhoneSimulator.Build.0 = Debug|Any CPU
		{03A34F9E-9D9A-408E-8724-6601BC9982B6}.Ad-Hoc|x64.ActiveCfg = Debug|Any CPU
		{03A34F9E-9D9A-408E-8724-6601BC9982B6}.Ad-Hoc|x64.Build.0 = Debug|Any CPU
		{03A34F9E-9D9A-408E-8724-6601BC9982B6}.Ad-Hoc|x86.ActiveCfg = Debug|Any CPU
		{03A34F9E-9D9A-408E-8724-6601BC9982B6}.Ad-Hoc|x86.Build.0 = Debug|Any CPU
		{03A34F9E-9D9A-408E-8724-6601BC9982B6}.AppStore|Any CPU.ActiveCfg = Debug|Any CPU
		{03A34F9E-9D9A-408E-8724-6601BC9982B6}.AppStore|Any CPU.Build.0 = Debug|Any CPU
		{03A34F9E-9D9A-408E-8724-6601BC9982B6}.AppStore|ARM.ActiveCfg = Debug|Any CPU
		{03A34F9E-9D9A-408E-8724-6601BC9982B6}.AppStore|ARM.Build.0 = Debug|Any CPU
		{03A34F9E-9D9A-408E-8724-6601BC9982B6}.AppStore|ARM64.ActiveCfg = Debug|Any CPU
		{03A34F9E-9D9A-408E-8724-6601BC9982B6}.AppStore|ARM64.Build.0 = Debug|Any CPU
		{03A34F9E-9D9A-408E-8724-6601BC9982B6}.AppStore|iPhone.ActiveCfg = Debug|Any CPU
		{03A34F9E-9D9A-408E-8724-6601BC9982B6}.AppStore|iPhone.Build.0 = Debug|Any CPU
		{03A34F9E-9D9A-408E-8724-6601BC9982B6}.AppStore|iPhoneSimulator.ActiveCfg = Debug|Any CPU
		{03A34F9E-9D9A-408E-8724-6601BC9982B6}.AppStore|iPhoneSimulator.Build.0 = Debug|Any CPU
		{03A34F9E-9D9A-408E-8724-6601BC9982B6}.AppStore|x64.ActiveCfg = Debug|Any CPU
		{03A34F9E-9D9A-408E-8724-6601BC9982B6}.AppStore|x64.Build.0 = Debug|Any CPU
		{03A34F9E-9D9A-408E-8724-6601BC9982B6}.AppStore|x86.ActiveCfg = Debug|Any CPU
		{03A34F9E-9D9A-408E-8724-6601BC9982B6}.AppStore|x86.Build.0 = Debug|Any CPU
		{03A34F9E-9D9A-408E-8724-6601BC9982B6}.Debug|Any CPU.ActiveCfg = Debug|Any CPU
		{03A34F9E-9D9A-408E-8724-6601BC9982B6}.Debug|Any CPU.Build.0 = Debug|Any CPU
		{03A34F9E-9D9A-408E-8724-6601BC9982B6}.Debug|ARM.ActiveCfg = Debug|Any CPU
		{03A34F9E-9D9A-408E-8724-6601BC9982B6}.Debug|ARM.Build.0 = Debug|Any CPU
		{03A34F9E-9D9A-408E-8724-6601BC9982B6}.Debug|ARM64.ActiveCfg = Debug|Any CPU
		{03A34F9E-9D9A-408E-8724-6601BC9982B6}.Debug|ARM64.Build.0 = Debug|Any CPU
		{03A34F9E-9D9A-408E-8724-6601BC9982B6}.Debug|iPhone.ActiveCfg = Debug|Any CPU
		{03A34F9E-9D9A-408E-8724-6601BC9982B6}.Debug|iPhone.Build.0 = Debug|Any CPU
		{03A34F9E-9D9A-408E-8724-6601BC9982B6}.Debug|iPhoneSimulator.ActiveCfg = Debug|Any CPU
		{03A34F9E-9D9A-408E-8724-6601BC9982B6}.Debug|iPhoneSimulator.Build.0 = Debug|Any CPU
		{03A34F9E-9D9A-408E-8724-6601BC9982B6}.Debug|x64.ActiveCfg = Debug|Any CPU
		{03A34F9E-9D9A-408E-8724-6601BC9982B6}.Debug|x64.Build.0 = Debug|Any CPU
		{03A34F9E-9D9A-408E-8724-6601BC9982B6}.Debug|x86.ActiveCfg = Debug|Any CPU
		{03A34F9E-9D9A-408E-8724-6601BC9982B6}.Debug|x86.Build.0 = Debug|Any CPU
		{03A34F9E-9D9A-408E-8724-6601BC9982B6}.Release|Any CPU.ActiveCfg = Release|Any CPU
		{03A34F9E-9D9A-408E-8724-6601BC9982B6}.Release|Any CPU.Build.0 = Release|Any CPU
		{03A34F9E-9D9A-408E-8724-6601BC9982B6}.Release|ARM.ActiveCfg = Release|Any CPU
		{03A34F9E-9D9A-408E-8724-6601BC9982B6}.Release|ARM.Build.0 = Release|Any CPU
		{03A34F9E-9D9A-408E-8724-6601BC9982B6}.Release|ARM64.ActiveCfg = Release|Any CPU
		{03A34F9E-9D9A-408E-8724-6601BC9982B6}.Release|ARM64.Build.0 = Release|Any CPU
		{03A34F9E-9D9A-408E-8724-6601BC9982B6}.Release|iPhone.ActiveCfg = Release|Any CPU
		{03A34F9E-9D9A-408E-8724-6601BC9982B6}.Release|iPhone.Build.0 = Release|Any CPU
		{03A34F9E-9D9A-408E-8724-6601BC9982B6}.Release|iPhoneSimulator.ActiveCfg = Release|Any CPU
		{03A34F9E-9D9A-408E-8724-6601BC9982B6}.Release|iPhoneSimulator.Build.0 = Release|Any CPU
		{03A34F9E-9D9A-408E-8724-6601BC9982B6}.Release|x64.ActiveCfg = Release|Any CPU
		{03A34F9E-9D9A-408E-8724-6601BC9982B6}.Release|x64.Build.0 = Release|Any CPU
		{03A34F9E-9D9A-408E-8724-6601BC9982B6}.Release|x86.ActiveCfg = Release|Any CPU
		{03A34F9E-9D9A-408E-8724-6601BC9982B6}.Release|x86.Build.0 = Release|Any CPU
		{E095E84A-6F38-4C13-AA82-7639D033595A}.Ad-Hoc|Any CPU.ActiveCfg = Debug|Any CPU
		{E095E84A-6F38-4C13-AA82-7639D033595A}.Ad-Hoc|Any CPU.Build.0 = Debug|Any CPU
		{E095E84A-6F38-4C13-AA82-7639D033595A}.Ad-Hoc|ARM.ActiveCfg = Debug|Any CPU
		{E095E84A-6F38-4C13-AA82-7639D033595A}.Ad-Hoc|ARM.Build.0 = Debug|Any CPU
		{E095E84A-6F38-4C13-AA82-7639D033595A}.Ad-Hoc|ARM64.ActiveCfg = Debug|Any CPU
		{E095E84A-6F38-4C13-AA82-7639D033595A}.Ad-Hoc|ARM64.Build.0 = Debug|Any CPU
		{E095E84A-6F38-4C13-AA82-7639D033595A}.Ad-Hoc|iPhone.ActiveCfg = Debug|Any CPU
		{E095E84A-6F38-4C13-AA82-7639D033595A}.Ad-Hoc|iPhone.Build.0 = Debug|Any CPU
		{E095E84A-6F38-4C13-AA82-7639D033595A}.Ad-Hoc|iPhoneSimulator.ActiveCfg = Debug|Any CPU
		{E095E84A-6F38-4C13-AA82-7639D033595A}.Ad-Hoc|iPhoneSimulator.Build.0 = Debug|Any CPU
		{E095E84A-6F38-4C13-AA82-7639D033595A}.Ad-Hoc|x64.ActiveCfg = Debug|Any CPU
		{E095E84A-6F38-4C13-AA82-7639D033595A}.Ad-Hoc|x64.Build.0 = Debug|Any CPU
		{E095E84A-6F38-4C13-AA82-7639D033595A}.Ad-Hoc|x86.ActiveCfg = Debug|Any CPU
		{E095E84A-6F38-4C13-AA82-7639D033595A}.Ad-Hoc|x86.Build.0 = Debug|Any CPU
		{E095E84A-6F38-4C13-AA82-7639D033595A}.AppStore|Any CPU.ActiveCfg = Debug|Any CPU
		{E095E84A-6F38-4C13-AA82-7639D033595A}.AppStore|Any CPU.Build.0 = Debug|Any CPU
		{E095E84A-6F38-4C13-AA82-7639D033595A}.AppStore|ARM.ActiveCfg = Debug|Any CPU
		{E095E84A-6F38-4C13-AA82-7639D033595A}.AppStore|ARM.Build.0 = Debug|Any CPU
		{E095E84A-6F38-4C13-AA82-7639D033595A}.AppStore|ARM64.ActiveCfg = Debug|Any CPU
		{E095E84A-6F38-4C13-AA82-7639D033595A}.AppStore|ARM64.Build.0 = Debug|Any CPU
		{E095E84A-6F38-4C13-AA82-7639D033595A}.AppStore|iPhone.ActiveCfg = Debug|Any CPU
		{E095E84A-6F38-4C13-AA82-7639D033595A}.AppStore|iPhone.Build.0 = Debug|Any CPU
		{E095E84A-6F38-4C13-AA82-7639D033595A}.AppStore|iPhoneSimulator.ActiveCfg = Debug|Any CPU
		{E095E84A-6F38-4C13-AA82-7639D033595A}.AppStore|iPhoneSimulator.Build.0 = Debug|Any CPU
		{E095E84A-6F38-4C13-AA82-7639D033595A}.AppStore|x64.ActiveCfg = Debug|Any CPU
		{E095E84A-6F38-4C13-AA82-7639D033595A}.AppStore|x64.Build.0 = Debug|Any CPU
		{E095E84A-6F38-4C13-AA82-7639D033595A}.AppStore|x86.ActiveCfg = Debug|Any CPU
		{E095E84A-6F38-4C13-AA82-7639D033595A}.AppStore|x86.Build.0 = Debug|Any CPU
		{E095E84A-6F38-4C13-AA82-7639D033595A}.Debug|Any CPU.ActiveCfg = Debug|Any CPU
		{E095E84A-6F38-4C13-AA82-7639D033595A}.Debug|Any CPU.Build.0 = Debug|Any CPU
		{E095E84A-6F38-4C13-AA82-7639D033595A}.Debug|ARM.ActiveCfg = Debug|Any CPU
		{E095E84A-6F38-4C13-AA82-7639D033595A}.Debug|ARM.Build.0 = Debug|Any CPU
		{E095E84A-6F38-4C13-AA82-7639D033595A}.Debug|ARM64.ActiveCfg = Debug|Any CPU
		{E095E84A-6F38-4C13-AA82-7639D033595A}.Debug|ARM64.Build.0 = Debug|Any CPU
		{E095E84A-6F38-4C13-AA82-7639D033595A}.Debug|iPhone.ActiveCfg = Debug|Any CPU
		{E095E84A-6F38-4C13-AA82-7639D033595A}.Debug|iPhone.Build.0 = Debug|Any CPU
		{E095E84A-6F38-4C13-AA82-7639D033595A}.Debug|iPhoneSimulator.ActiveCfg = Debug|Any CPU
		{E095E84A-6F38-4C13-AA82-7639D033595A}.Debug|iPhoneSimulator.Build.0 = Debug|Any CPU
		{E095E84A-6F38-4C13-AA82-7639D033595A}.Debug|x64.ActiveCfg = Debug|Any CPU
		{E095E84A-6F38-4C13-AA82-7639D033595A}.Debug|x64.Build.0 = Debug|Any CPU
		{E095E84A-6F38-4C13-AA82-7639D033595A}.Debug|x86.ActiveCfg = Debug|Any CPU
		{E095E84A-6F38-4C13-AA82-7639D033595A}.Debug|x86.Build.0 = Debug|Any CPU
		{E095E84A-6F38-4C13-AA82-7639D033595A}.Release|Any CPU.ActiveCfg = Release|Any CPU
		{E095E84A-6F38-4C13-AA82-7639D033595A}.Release|Any CPU.Build.0 = Release|Any CPU
		{E095E84A-6F38-4C13-AA82-7639D033595A}.Release|ARM.ActiveCfg = Release|Any CPU
		{E095E84A-6F38-4C13-AA82-7639D033595A}.Release|ARM.Build.0 = Release|Any CPU
		{E095E84A-6F38-4C13-AA82-7639D033595A}.Release|ARM64.ActiveCfg = Release|Any CPU
		{E095E84A-6F38-4C13-AA82-7639D033595A}.Release|ARM64.Build.0 = Release|Any CPU
		{E095E84A-6F38-4C13-AA82-7639D033595A}.Release|iPhone.ActiveCfg = Release|Any CPU
		{E095E84A-6F38-4C13-AA82-7639D033595A}.Release|iPhone.Build.0 = Release|Any CPU
		{E095E84A-6F38-4C13-AA82-7639D033595A}.Release|iPhoneSimulator.ActiveCfg = Release|Any CPU
		{E095E84A-6F38-4C13-AA82-7639D033595A}.Release|iPhoneSimulator.Build.0 = Release|Any CPU
		{E095E84A-6F38-4C13-AA82-7639D033595A}.Release|x64.ActiveCfg = Release|Any CPU
		{E095E84A-6F38-4C13-AA82-7639D033595A}.Release|x64.Build.0 = Release|Any CPU
		{E095E84A-6F38-4C13-AA82-7639D033595A}.Release|x86.ActiveCfg = Release|Any CPU
		{E095E84A-6F38-4C13-AA82-7639D033595A}.Release|x86.Build.0 = Release|Any CPU
		{D5A081DE-0C42-4722-A195-D1BA813E3E67}.Ad-Hoc|Any CPU.ActiveCfg = Debug|Any CPU
		{D5A081DE-0C42-4722-A195-D1BA813E3E67}.Ad-Hoc|Any CPU.Build.0 = Debug|Any CPU
		{D5A081DE-0C42-4722-A195-D1BA813E3E67}.Ad-Hoc|ARM.ActiveCfg = Debug|Any CPU
		{D5A081DE-0C42-4722-A195-D1BA813E3E67}.Ad-Hoc|ARM.Build.0 = Debug|Any CPU
		{D5A081DE-0C42-4722-A195-D1BA813E3E67}.Ad-Hoc|ARM64.ActiveCfg = Debug|Any CPU
		{D5A081DE-0C42-4722-A195-D1BA813E3E67}.Ad-Hoc|ARM64.Build.0 = Debug|Any CPU
		{D5A081DE-0C42-4722-A195-D1BA813E3E67}.Ad-Hoc|iPhone.ActiveCfg = Debug|Any CPU
		{D5A081DE-0C42-4722-A195-D1BA813E3E67}.Ad-Hoc|iPhone.Build.0 = Debug|Any CPU
		{D5A081DE-0C42-4722-A195-D1BA813E3E67}.Ad-Hoc|iPhoneSimulator.ActiveCfg = Debug|Any CPU
		{D5A081DE-0C42-4722-A195-D1BA813E3E67}.Ad-Hoc|iPhoneSimulator.Build.0 = Debug|Any CPU
		{D5A081DE-0C42-4722-A195-D1BA813E3E67}.Ad-Hoc|x64.ActiveCfg = Debug|Any CPU
		{D5A081DE-0C42-4722-A195-D1BA813E3E67}.Ad-Hoc|x64.Build.0 = Debug|Any CPU
		{D5A081DE-0C42-4722-A195-D1BA813E3E67}.Ad-Hoc|x86.ActiveCfg = Debug|Any CPU
		{D5A081DE-0C42-4722-A195-D1BA813E3E67}.Ad-Hoc|x86.Build.0 = Debug|Any CPU
		{D5A081DE-0C42-4722-A195-D1BA813E3E67}.AppStore|Any CPU.ActiveCfg = Debug|Any CPU
		{D5A081DE-0C42-4722-A195-D1BA813E3E67}.AppStore|Any CPU.Build.0 = Debug|Any CPU
		{D5A081DE-0C42-4722-A195-D1BA813E3E67}.AppStore|ARM.ActiveCfg = Debug|Any CPU
		{D5A081DE-0C42-4722-A195-D1BA813E3E67}.AppStore|ARM.Build.0 = Debug|Any CPU
		{D5A081DE-0C42-4722-A195-D1BA813E3E67}.AppStore|ARM64.ActiveCfg = Debug|Any CPU
		{D5A081DE-0C42-4722-A195-D1BA813E3E67}.AppStore|ARM64.Build.0 = Debug|Any CPU
		{D5A081DE-0C42-4722-A195-D1BA813E3E67}.AppStore|iPhone.ActiveCfg = Debug|Any CPU
		{D5A081DE-0C42-4722-A195-D1BA813E3E67}.AppStore|iPhone.Build.0 = Debug|Any CPU
		{D5A081DE-0C42-4722-A195-D1BA813E3E67}.AppStore|iPhoneSimulator.ActiveCfg = Debug|Any CPU
		{D5A081DE-0C42-4722-A195-D1BA813E3E67}.AppStore|iPhoneSimulator.Build.0 = Debug|Any CPU
		{D5A081DE-0C42-4722-A195-D1BA813E3E67}.AppStore|x64.ActiveCfg = Debug|Any CPU
		{D5A081DE-0C42-4722-A195-D1BA813E3E67}.AppStore|x64.Build.0 = Debug|Any CPU
		{D5A081DE-0C42-4722-A195-D1BA813E3E67}.AppStore|x86.ActiveCfg = Debug|Any CPU
		{D5A081DE-0C42-4722-A195-D1BA813E3E67}.AppStore|x86.Build.0 = Debug|Any CPU
		{D5A081DE-0C42-4722-A195-D1BA813E3E67}.Debug|Any CPU.ActiveCfg = Debug|Any CPU
		{D5A081DE-0C42-4722-A195-D1BA813E3E67}.Debug|Any CPU.Build.0 = Debug|Any CPU
		{D5A081DE-0C42-4722-A195-D1BA813E3E67}.Debug|ARM.ActiveCfg = Debug|Any CPU
		{D5A081DE-0C42-4722-A195-D1BA813E3E67}.Debug|ARM.Build.0 = Debug|Any CPU
		{D5A081DE-0C42-4722-A195-D1BA813E3E67}.Debug|ARM64.ActiveCfg = Debug|Any CPU
		{D5A081DE-0C42-4722-A195-D1BA813E3E67}.Debug|ARM64.Build.0 = Debug|Any CPU
		{D5A081DE-0C42-4722-A195-D1BA813E3E67}.Debug|iPhone.ActiveCfg = Debug|Any CPU
		{D5A081DE-0C42-4722-A195-D1BA813E3E67}.Debug|iPhone.Build.0 = Debug|Any CPU
		{D5A081DE-0C42-4722-A195-D1BA813E3E67}.Debug|iPhoneSimulator.ActiveCfg = Debug|Any CPU
		{D5A081DE-0C42-4722-A195-D1BA813E3E67}.Debug|iPhoneSimulator.Build.0 = Debug|Any CPU
		{D5A081DE-0C42-4722-A195-D1BA813E3E67}.Debug|x64.ActiveCfg = Debug|Any CPU
		{D5A081DE-0C42-4722-A195-D1BA813E3E67}.Debug|x64.Build.0 = Debug|Any CPU
		{D5A081DE-0C42-4722-A195-D1BA813E3E67}.Debug|x86.ActiveCfg = Debug|Any CPU
		{D5A081DE-0C42-4722-A195-D1BA813E3E67}.Debug|x86.Build.0 = Debug|Any CPU
		{D5A081DE-0C42-4722-A195-D1BA813E3E67}.Release|Any CPU.ActiveCfg = Release|Any CPU
		{D5A081DE-0C42-4722-A195-D1BA813E3E67}.Release|Any CPU.Build.0 = Release|Any CPU
		{D5A081DE-0C42-4722-A195-D1BA813E3E67}.Release|ARM.ActiveCfg = Release|Any CPU
		{D5A081DE-0C42-4722-A195-D1BA813E3E67}.Release|ARM.Build.0 = Release|Any CPU
		{D5A081DE-0C42-4722-A195-D1BA813E3E67}.Release|ARM64.ActiveCfg = Release|Any CPU
		{D5A081DE-0C42-4722-A195-D1BA813E3E67}.Release|ARM64.Build.0 = Release|Any CPU
		{D5A081DE-0C42-4722-A195-D1BA813E3E67}.Release|iPhone.ActiveCfg = Release|Any CPU
		{D5A081DE-0C42-4722-A195-D1BA813E3E67}.Release|iPhone.Build.0 = Release|Any CPU
		{D5A081DE-0C42-4722-A195-D1BA813E3E67}.Release|iPhoneSimulator.ActiveCfg = Release|Any CPU
		{D5A081DE-0C42-4722-A195-D1BA813E3E67}.Release|iPhoneSimulator.Build.0 = Release|Any CPU
		{D5A081DE-0C42-4722-A195-D1BA813E3E67}.Release|x64.ActiveCfg = Release|Any CPU
		{D5A081DE-0C42-4722-A195-D1BA813E3E67}.Release|x64.Build.0 = Release|Any CPU
		{D5A081DE-0C42-4722-A195-D1BA813E3E67}.Release|x86.ActiveCfg = Release|Any CPU
		{D5A081DE-0C42-4722-A195-D1BA813E3E67}.Release|x86.Build.0 = Release|Any CPU
		{390F365F-1B12-467E-A172-6D5DAA0A4EA2}.Ad-Hoc|Any CPU.ActiveCfg = Debug|Any CPU
		{390F365F-1B12-467E-A172-6D5DAA0A4EA2}.Ad-Hoc|Any CPU.Build.0 = Debug|Any CPU
		{390F365F-1B12-467E-A172-6D5DAA0A4EA2}.Ad-Hoc|ARM.ActiveCfg = Debug|Any CPU
		{390F365F-1B12-467E-A172-6D5DAA0A4EA2}.Ad-Hoc|ARM.Build.0 = Debug|Any CPU
		{390F365F-1B12-467E-A172-6D5DAA0A4EA2}.Ad-Hoc|ARM64.ActiveCfg = Debug|Any CPU
		{390F365F-1B12-467E-A172-6D5DAA0A4EA2}.Ad-Hoc|ARM64.Build.0 = Debug|Any CPU
		{390F365F-1B12-467E-A172-6D5DAA0A4EA2}.Ad-Hoc|iPhone.ActiveCfg = Debug|Any CPU
		{390F365F-1B12-467E-A172-6D5DAA0A4EA2}.Ad-Hoc|iPhone.Build.0 = Debug|Any CPU
		{390F365F-1B12-467E-A172-6D5DAA0A4EA2}.Ad-Hoc|iPhoneSimulator.ActiveCfg = Debug|Any CPU
		{390F365F-1B12-467E-A172-6D5DAA0A4EA2}.Ad-Hoc|iPhoneSimulator.Build.0 = Debug|Any CPU
		{390F365F-1B12-467E-A172-6D5DAA0A4EA2}.Ad-Hoc|x64.ActiveCfg = Debug|Any CPU
		{390F365F-1B12-467E-A172-6D5DAA0A4EA2}.Ad-Hoc|x64.Build.0 = Debug|Any CPU
		{390F365F-1B12-467E-A172-6D5DAA0A4EA2}.Ad-Hoc|x86.ActiveCfg = Debug|Any CPU
		{390F365F-1B12-467E-A172-6D5DAA0A4EA2}.Ad-Hoc|x86.Build.0 = Debug|Any CPU
		{390F365F-1B12-467E-A172-6D5DAA0A4EA2}.AppStore|Any CPU.ActiveCfg = Debug|Any CPU
		{390F365F-1B12-467E-A172-6D5DAA0A4EA2}.AppStore|Any CPU.Build.0 = Debug|Any CPU
		{390F365F-1B12-467E-A172-6D5DAA0A4EA2}.AppStore|ARM.ActiveCfg = Debug|Any CPU
		{390F365F-1B12-467E-A172-6D5DAA0A4EA2}.AppStore|ARM.Build.0 = Debug|Any CPU
		{390F365F-1B12-467E-A172-6D5DAA0A4EA2}.AppStore|ARM64.ActiveCfg = Debug|Any CPU
		{390F365F-1B12-467E-A172-6D5DAA0A4EA2}.AppStore|ARM64.Build.0 = Debug|Any CPU
		{390F365F-1B12-467E-A172-6D5DAA0A4EA2}.AppStore|iPhone.ActiveCfg = Debug|Any CPU
		{390F365F-1B12-467E-A172-6D5DAA0A4EA2}.AppStore|iPhone.Build.0 = Debug|Any CPU
		{390F365F-1B12-467E-A172-6D5DAA0A4EA2}.AppStore|iPhoneSimulator.ActiveCfg = Debug|Any CPU
		{390F365F-1B12-467E-A172-6D5DAA0A4EA2}.AppStore|iPhoneSimulator.Build.0 = Debug|Any CPU
		{390F365F-1B12-467E-A172-6D5DAA0A4EA2}.AppStore|x64.ActiveCfg = Debug|Any CPU
		{390F365F-1B12-467E-A172-6D5DAA0A4EA2}.AppStore|x64.Build.0 = Debug|Any CPU
		{390F365F-1B12-467E-A172-6D5DAA0A4EA2}.AppStore|x86.ActiveCfg = Debug|Any CPU
		{390F365F-1B12-467E-A172-6D5DAA0A4EA2}.AppStore|x86.Build.0 = Debug|Any CPU
		{390F365F-1B12-467E-A172-6D5DAA0A4EA2}.Debug|Any CPU.ActiveCfg = Debug|Any CPU
		{390F365F-1B12-467E-A172-6D5DAA0A4EA2}.Debug|Any CPU.Build.0 = Debug|Any CPU
		{390F365F-1B12-467E-A172-6D5DAA0A4EA2}.Debug|ARM.ActiveCfg = Debug|Any CPU
		{390F365F-1B12-467E-A172-6D5DAA0A4EA2}.Debug|ARM.Build.0 = Debug|Any CPU
		{390F365F-1B12-467E-A172-6D5DAA0A4EA2}.Debug|ARM64.ActiveCfg = Debug|Any CPU
		{390F365F-1B12-467E-A172-6D5DAA0A4EA2}.Debug|ARM64.Build.0 = Debug|Any CPU
		{390F365F-1B12-467E-A172-6D5DAA0A4EA2}.Debug|iPhone.ActiveCfg = Debug|Any CPU
		{390F365F-1B12-467E-A172-6D5DAA0A4EA2}.Debug|iPhone.Build.0 = Debug|Any CPU
		{390F365F-1B12-467E-A172-6D5DAA0A4EA2}.Debug|iPhoneSimulator.ActiveCfg = Debug|Any CPU
		{390F365F-1B12-467E-A172-6D5DAA0A4EA2}.Debug|iPhoneSimulator.Build.0 = Debug|Any CPU
		{390F365F-1B12-467E-A172-6D5DAA0A4EA2}.Debug|x64.ActiveCfg = Debug|Any CPU
		{390F365F-1B12-467E-A172-6D5DAA0A4EA2}.Debug|x64.Build.0 = Debug|Any CPU
		{390F365F-1B12-467E-A172-6D5DAA0A4EA2}.Debug|x86.ActiveCfg = Debug|Any CPU
		{390F365F-1B12-467E-A172-6D5DAA0A4EA2}.Debug|x86.Build.0 = Debug|Any CPU
		{390F365F-1B12-467E-A172-6D5DAA0A4EA2}.Release|Any CPU.ActiveCfg = Release|Any CPU
		{390F365F-1B12-467E-A172-6D5DAA0A4EA2}.Release|Any CPU.Build.0 = Release|Any CPU
		{390F365F-1B12-467E-A172-6D5DAA0A4EA2}.Release|ARM.ActiveCfg = Release|Any CPU
		{390F365F-1B12-467E-A172-6D5DAA0A4EA2}.Release|ARM.Build.0 = Release|Any CPU
		{390F365F-1B12-467E-A172-6D5DAA0A4EA2}.Release|ARM64.ActiveCfg = Release|Any CPU
		{390F365F-1B12-467E-A172-6D5DAA0A4EA2}.Release|ARM64.Build.0 = Release|Any CPU
		{390F365F-1B12-467E-A172-6D5DAA0A4EA2}.Release|iPhone.ActiveCfg = Release|Any CPU
		{390F365F-1B12-467E-A172-6D5DAA0A4EA2}.Release|iPhone.Build.0 = Release|Any CPU
		{390F365F-1B12-467E-A172-6D5DAA0A4EA2}.Release|iPhoneSimulator.ActiveCfg = Release|Any CPU
		{390F365F-1B12-467E-A172-6D5DAA0A4EA2}.Release|iPhoneSimulator.Build.0 = Release|Any CPU
		{390F365F-1B12-467E-A172-6D5DAA0A4EA2}.Release|x64.ActiveCfg = Release|Any CPU
		{390F365F-1B12-467E-A172-6D5DAA0A4EA2}.Release|x64.Build.0 = Release|Any CPU
		{390F365F-1B12-467E-A172-6D5DAA0A4EA2}.Release|x86.ActiveCfg = Release|Any CPU
		{390F365F-1B12-467E-A172-6D5DAA0A4EA2}.Release|x86.Build.0 = Release|Any CPU
		{68982908-47ED-4639-80AB-8AA8C964BA27}.Ad-Hoc|Any CPU.ActiveCfg = Debug|Any CPU
		{68982908-47ED-4639-80AB-8AA8C964BA27}.Ad-Hoc|Any CPU.Build.0 = Debug|Any CPU
		{68982908-47ED-4639-80AB-8AA8C964BA27}.Ad-Hoc|ARM.ActiveCfg = Debug|Any CPU
		{68982908-47ED-4639-80AB-8AA8C964BA27}.Ad-Hoc|ARM.Build.0 = Debug|Any CPU
		{68982908-47ED-4639-80AB-8AA8C964BA27}.Ad-Hoc|ARM64.ActiveCfg = Debug|Any CPU
		{68982908-47ED-4639-80AB-8AA8C964BA27}.Ad-Hoc|ARM64.Build.0 = Debug|Any CPU
		{68982908-47ED-4639-80AB-8AA8C964BA27}.Ad-Hoc|iPhone.ActiveCfg = Debug|Any CPU
		{68982908-47ED-4639-80AB-8AA8C964BA27}.Ad-Hoc|iPhone.Build.0 = Debug|Any CPU
		{68982908-47ED-4639-80AB-8AA8C964BA27}.Ad-Hoc|iPhoneSimulator.ActiveCfg = Debug|Any CPU
		{68982908-47ED-4639-80AB-8AA8C964BA27}.Ad-Hoc|iPhoneSimulator.Build.0 = Debug|Any CPU
		{68982908-47ED-4639-80AB-8AA8C964BA27}.Ad-Hoc|x64.ActiveCfg = Debug|Any CPU
		{68982908-47ED-4639-80AB-8AA8C964BA27}.Ad-Hoc|x64.Build.0 = Debug|Any CPU
		{68982908-47ED-4639-80AB-8AA8C964BA27}.Ad-Hoc|x86.ActiveCfg = Debug|Any CPU
		{68982908-47ED-4639-80AB-8AA8C964BA27}.Ad-Hoc|x86.Build.0 = Debug|Any CPU
		{68982908-47ED-4639-80AB-8AA8C964BA27}.AppStore|Any CPU.ActiveCfg = Debug|Any CPU
		{68982908-47ED-4639-80AB-8AA8C964BA27}.AppStore|Any CPU.Build.0 = Debug|Any CPU
		{68982908-47ED-4639-80AB-8AA8C964BA27}.AppStore|ARM.ActiveCfg = Debug|Any CPU
		{68982908-47ED-4639-80AB-8AA8C964BA27}.AppStore|ARM.Build.0 = Debug|Any CPU
		{68982908-47ED-4639-80AB-8AA8C964BA27}.AppStore|ARM64.ActiveCfg = Debug|Any CPU
		{68982908-47ED-4639-80AB-8AA8C964BA27}.AppStore|ARM64.Build.0 = Debug|Any CPU
		{68982908-47ED-4639-80AB-8AA8C964BA27}.AppStore|iPhone.ActiveCfg = Debug|Any CPU
		{68982908-47ED-4639-80AB-8AA8C964BA27}.AppStore|iPhone.Build.0 = Debug|Any CPU
		{68982908-47ED-4639-80AB-8AA8C964BA27}.AppStore|iPhoneSimulator.ActiveCfg = Debug|Any CPU
		{68982908-47ED-4639-80AB-8AA8C964BA27}.AppStore|iPhoneSimulator.Build.0 = Debug|Any CPU
		{68982908-47ED-4639-80AB-8AA8C964BA27}.AppStore|x64.ActiveCfg = Debug|Any CPU
		{68982908-47ED-4639-80AB-8AA8C964BA27}.AppStore|x64.Build.0 = Debug|Any CPU
		{68982908-47ED-4639-80AB-8AA8C964BA27}.AppStore|x86.ActiveCfg = Debug|Any CPU
		{68982908-47ED-4639-80AB-8AA8C964BA27}.AppStore|x86.Build.0 = Debug|Any CPU
		{68982908-47ED-4639-80AB-8AA8C964BA27}.Debug|Any CPU.ActiveCfg = Debug|Any CPU
		{68982908-47ED-4639-80AB-8AA8C964BA27}.Debug|ARM.ActiveCfg = Debug|Any CPU
		{68982908-47ED-4639-80AB-8AA8C964BA27}.Debug|ARM.Build.0 = Debug|Any CPU
		{68982908-47ED-4639-80AB-8AA8C964BA27}.Debug|ARM64.ActiveCfg = Debug|Any CPU
		{68982908-47ED-4639-80AB-8AA8C964BA27}.Debug|ARM64.Build.0 = Debug|Any CPU
		{68982908-47ED-4639-80AB-8AA8C964BA27}.Debug|iPhone.ActiveCfg = Debug|Any CPU
		{68982908-47ED-4639-80AB-8AA8C964BA27}.Debug|iPhone.Build.0 = Debug|Any CPU
		{68982908-47ED-4639-80AB-8AA8C964BA27}.Debug|iPhoneSimulator.ActiveCfg = Debug|Any CPU
		{68982908-47ED-4639-80AB-8AA8C964BA27}.Debug|iPhoneSimulator.Build.0 = Debug|Any CPU
		{68982908-47ED-4639-80AB-8AA8C964BA27}.Debug|x64.ActiveCfg = Debug|Any CPU
		{68982908-47ED-4639-80AB-8AA8C964BA27}.Debug|x64.Build.0 = Debug|Any CPU
		{68982908-47ED-4639-80AB-8AA8C964BA27}.Debug|x86.ActiveCfg = Debug|Any CPU
		{68982908-47ED-4639-80AB-8AA8C964BA27}.Debug|x86.Build.0 = Debug|Any CPU
		{68982908-47ED-4639-80AB-8AA8C964BA27}.Release|Any CPU.ActiveCfg = Release|Any CPU
		{68982908-47ED-4639-80AB-8AA8C964BA27}.Release|Any CPU.Build.0 = Release|Any CPU
		{68982908-47ED-4639-80AB-8AA8C964BA27}.Release|ARM.ActiveCfg = Release|Any CPU
		{68982908-47ED-4639-80AB-8AA8C964BA27}.Release|ARM.Build.0 = Release|Any CPU
		{68982908-47ED-4639-80AB-8AA8C964BA27}.Release|ARM64.ActiveCfg = Release|Any CPU
		{68982908-47ED-4639-80AB-8AA8C964BA27}.Release|ARM64.Build.0 = Release|Any CPU
		{68982908-47ED-4639-80AB-8AA8C964BA27}.Release|iPhone.ActiveCfg = Release|Any CPU
		{68982908-47ED-4639-80AB-8AA8C964BA27}.Release|iPhone.Build.0 = Release|Any CPU
		{68982908-47ED-4639-80AB-8AA8C964BA27}.Release|iPhoneSimulator.ActiveCfg = Release|Any CPU
		{68982908-47ED-4639-80AB-8AA8C964BA27}.Release|iPhoneSimulator.Build.0 = Release|Any CPU
		{68982908-47ED-4639-80AB-8AA8C964BA27}.Release|x64.ActiveCfg = Release|Any CPU
		{68982908-47ED-4639-80AB-8AA8C964BA27}.Release|x64.Build.0 = Release|Any CPU
		{68982908-47ED-4639-80AB-8AA8C964BA27}.Release|x86.ActiveCfg = Release|Any CPU
		{68982908-47ED-4639-80AB-8AA8C964BA27}.Release|x86.Build.0 = Release|Any CPU
	EndGlobalSection
	GlobalSection(SolutionProperties) = preSolution
		HideSolutionNode = FALSE
	EndGlobalSection
	GlobalSection(NestedProjects) = preSolution
		{601FDA62-6763-425A-A10B-514261AE7556} = {9ADE2D49-E0DE-42AB-80B5-95357C40E0C1}
		{D3FA717D-283A-47E6-A66A-10CDBEC3A6F7} = {9ADE2D49-E0DE-42AB-80B5-95357C40E0C1}
		{81D9C899-49F5-49BE-9C2B-A091A278944F} = {9ADE2D49-E0DE-42AB-80B5-95357C40E0C1}
		{AEF55C89-557A-43E0-9B99-920A9C81A795} = {9ADE2D49-E0DE-42AB-80B5-95357C40E0C1}
		{6E9AA21C-8837-4275-A2DB-3C80E811FB60} = {9ADE2D49-E0DE-42AB-80B5-95357C40E0C1}
		{03A34F9E-9D9A-408E-8724-6601BC9982B6} = {9ADE2D49-E0DE-42AB-80B5-95357C40E0C1}
		{E095E84A-6F38-4C13-AA82-7639D033595A} = {9ADE2D49-E0DE-42AB-80B5-95357C40E0C1}
		{D5A081DE-0C42-4722-A195-D1BA813E3E67} = {9ADE2D49-E0DE-42AB-80B5-95357C40E0C1}
		{390F365F-1B12-467E-A172-6D5DAA0A4EA2} = {9ADE2D49-E0DE-42AB-80B5-95357C40E0C1}
	EndGlobalSection
	GlobalSection(ExtensibilityGlobals) = postSolution
		SolutionGuid = {35C689F4-D7A8-42B0-AEC8-D4F1F9BB7977}
	EndGlobalSection
EndGlobal
