
Microsoft Visual Studio Solution File, Format Version 12.00
# Visual Studio Version 16
VisualStudioVersion = 16.0.31105.61
MinimumVisualStudioVersion = 10.0.40219.1
Project("{D954291E-2A0B-460D-934E-DC6B0785DB48}") = "PrepFaregosoft.Shared", "PrepFaregosoft\PrepFaregosoft.Shared\PrepFaregosoft.Shared.shproj", "{6279C845-92F8-4333-AB99-3D213163593C}"
EndProject
Project("{2150E333-8FDC-42A3-9474-1A3956D46DE8}") = "Platforms", "Platforms", "{C27BB55A-10C1-41BA-8275-E469E742D16F}"
EndProject
Project("{FAE04EC0-301F-11D3-BF4B-00C04F79EFBC}") = "PrepFaregosoft.Droid", "PrepFaregosoft\PrepFaregosoft.Droid\PrepFaregosoft.Droid.csproj", "{1716166D-6DB4-4B53-ABF3-4704A5E2B2C0}"
EndProject
Project("{FAE04EC0-301F-11D3-BF4B-00C04F79EFBC}") = "PrepFaregosoft.iOS", "PrepFaregosoft\PrepFaregosoft.iOS\PrepFaregosoft.iOS.csproj", "{094E0E65-BB3D-47CD-8282-16129E2040BB}"
EndProject
Project("{FAE04EC0-301F-11D3-BF4B-00C04F79EFBC}") = "PrepFaregosoft.UWP", "PrepFaregosoft\PrepFaregosoft.UWP\PrepFaregosoft.UWP.csproj", "{37A1D927-1FB5-4EC0-86A9-2A8D747EF999}"
EndProject
Project("{9A19103F-16F7-4668-BE54-9A1E7A4F7556}") = "PrepFaregosoft.Wasm", "PrepFaregosoft\PrepFaregosoft.Wasm\PrepFaregosoft.Wasm.csproj", "{560028F3-E854-4EBD-84A7-45A444721FB1}"
EndProject
Project("{FAE04EC0-301F-11D3-BF4B-00C04F79EFBC}") = "PrepFaregosoft.macOS", "PrepFaregosoft\PrepFaregosoft.macOS\PrepFaregosoft.macOS.csproj", "{3BCC90DB-3976-4FAB-9784-9DBA6D2170A3}"
EndProject
Project("{9A19103F-16F7-4668-BE54-9A1E7A4F7556}") = "PrepFaregosoft.Skia.Wpf.Host", "PrepFaregosoft\PrepFaregosoft.Skia.Wpf.Host\PrepFaregosoft.Skia.Wpf.Host.csproj", "{2303CC3D-511B-43B4-A350-F91D03DE5CCB}"
EndProject
Project("{9A19103F-16F7-4668-BE54-9A1E7A4F7556}") = "PrepFaregosoft.Skia.Wpf", "PrepFaregosoft\PrepFaregosoft.Skia.Wpf\PrepFaregosoft.Skia.Wpf.csproj", "{C7C34273-0E12-4FF0-A66A-9784E081B86E}"
EndProject
Project("{9A19103F-16F7-4668-BE54-9A1E7A4F7556}") = "PrepFaregosoft.Skia.Gtk", "PrepFaregosoft\PrepFaregosoft.Skia.Gtk\PrepFaregosoft.Skia.Gtk.csproj", "{6A664386-4B86-47D2-AE34-D5B99E69182E}"
EndProject
Project("{9A19103F-16F7-4668-BE54-9A1E7A4F7556}") = "PrepFaregosoft.Skia.Tizen", "PrepFaregosoft\PrepFaregosoft.Skia.Tizen\PrepFaregosoft.Skia.Tizen.csproj", "{D5A1A9AF-5319-4CC5-B5CE-E5C40000ACEF}"
EndProject
Project("{9A19103F-16F7-4668-BE54-9A1E7A4F7556}") = "PrepFaregosoft.Api", "PrepFaregosoft.Api\PrepFaregosoft.Api.csproj", "{7631C7A4-9726-417C-A4C9-93EABBC5A990}"
EndProject
Global
	GlobalSection(SharedMSBuildProjectFiles) = preSolution
		PrepFaregosoft\PrepFaregosoft.Shared\PrepFaregosoft.Shared.projitems*{094e0e65-bb3d-47cd-8282-16129e2040bb}*SharedItemsImports = 4
		PrepFaregosoft\PrepFaregosoft.Shared\PrepFaregosoft.Shared.projitems*{1716166d-6db4-4b53-abf3-4704a5e2b2c0}*SharedItemsImports = 4
		PrepFaregosoft\PrepFaregosoft.Shared\PrepFaregosoft.Shared.projitems*{37a1d927-1fb5-4ec0-86a9-2a8d747ef999}*SharedItemsImports = 4
		PrepFaregosoft\PrepFaregosoft.Shared\PrepFaregosoft.Shared.projitems*{3bcc90db-3976-4fab-9784-9dba6d2170a3}*SharedItemsImports = 4
		PrepFaregosoft\PrepFaregosoft.Shared\PrepFaregosoft.Shared.projitems*{560028f3-e854-4ebd-84a7-45a444721fb1}*SharedItemsImports = 5
		PrepFaregosoft\PrepFaregosoft.Shared\PrepFaregosoft.Shared.projitems*{6279c845-92f8-4333-ab99-3d213163593c}*SharedItemsImports = 13
		PrepFaregosoft\PrepFaregosoft.Shared\PrepFaregosoft.Shared.projitems*{6a664386-4b86-47d2-ae34-d5b99e69182e}*SharedItemsImports = 5
		PrepFaregosoft\PrepFaregosoft.Shared\PrepFaregosoft.Shared.projitems*{c7c34273-0e12-4ff0-a66a-9784e081b86e}*SharedItemsImports = 5
		PrepFaregosoft\PrepFaregosoft.Shared\PrepFaregosoft.Shared.projitems*{d5a1a9af-5319-4cc5-b5ce-e5c40000acef}*SharedItemsImports = 5
	EndGlobalSection
	GlobalSection(SolutionConfigurationPlatforms) = preSolution
		Ad-Hoc|Any CPU = Ad-Hoc|Any CPU
		Ad-Hoc|ARM = Ad-Hoc|ARM
		Ad-Hoc|ARM64 = Ad-Hoc|ARM64
		Ad-Hoc|iPhone = Ad-Hoc|iPhone
		Ad-Hoc|iPhoneSimulator = Ad-Hoc|iPhoneSimulator
		Ad-Hoc|x64 = Ad-Hoc|x64
		Ad-Hoc|x86 = Ad-Hoc|x86
		AppStore|Any CPU = AppStore|Any CPU
		AppStore|ARM = AppStore|ARM
		AppStore|ARM64 = AppStore|ARM64
		AppStore|iPhone = AppStore|iPhone
		AppStore|iPhoneSimulator = AppStore|iPhoneSimulator
		AppStore|x64 = AppStore|x64
		AppStore|x86 = AppStore|x86
		Debug|Any CPU = Debug|Any CPU
		Debug|ARM = Debug|ARM
		Debug|ARM64 = Debug|ARM64
		Debug|iPhone = Debug|iPhone
		Debug|iPhoneSimulator = Debug|iPhoneSimulator
		Debug|x64 = Debug|x64
		Debug|x86 = Debug|x86
		Release|Any CPU = Release|Any CPU
		Release|ARM = Release|ARM
		Release|ARM64 = Release|ARM64
		Release|iPhone = Release|iPhone
		Release|iPhoneSimulator = Release|iPhoneSimulator
		Release|x64 = Release|x64
		Release|x86 = Release|x86
	EndGlobalSection
	GlobalSection(ProjectConfigurationPlatforms) = postSolution
		{1716166D-6DB4-4B53-ABF3-4704A5E2B2C0}.Ad-Hoc|Any CPU.ActiveCfg = Debug|Any CPU
		{1716166D-6DB4-4B53-ABF3-4704A5E2B2C0}.Ad-Hoc|Any CPU.Build.0 = Debug|Any CPU
		{1716166D-6DB4-4B53-ABF3-4704A5E2B2C0}.Ad-Hoc|Any CPU.Deploy.0 = Debug|Any CPU
		{1716166D-6DB4-4B53-ABF3-4704A5E2B2C0}.Ad-Hoc|ARM.ActiveCfg = Debug|Any CPU
		{1716166D-6DB4-4B53-ABF3-4704A5E2B2C0}.Ad-Hoc|ARM.Build.0 = Debug|Any CPU
		{1716166D-6DB4-4B53-ABF3-4704A5E2B2C0}.Ad-Hoc|ARM.Deploy.0 = Debug|Any CPU
		{1716166D-6DB4-4B53-ABF3-4704A5E2B2C0}.Ad-Hoc|ARM64.ActiveCfg = Debug|Any CPU
		{1716166D-6DB4-4B53-ABF3-4704A5E2B2C0}.Ad-Hoc|ARM64.Build.0 = Debug|Any CPU
		{1716166D-6DB4-4B53-ABF3-4704A5E2B2C0}.Ad-Hoc|ARM64.Deploy.0 = Debug|Any CPU
		{1716166D-6DB4-4B53-ABF3-4704A5E2B2C0}.Ad-Hoc|iPhone.ActiveCfg = Debug|Any CPU
		{1716166D-6DB4-4B53-ABF3-4704A5E2B2C0}.Ad-Hoc|iPhone.Build.0 = Debug|Any CPU
		{1716166D-6DB4-4B53-ABF3-4704A5E2B2C0}.Ad-Hoc|iPhone.Deploy.0 = Debug|Any CPU
		{1716166D-6DB4-4B53-ABF3-4704A5E2B2C0}.Ad-Hoc|iPhoneSimulator.ActiveCfg = Debug|Any CPU
		{1716166D-6DB4-4B53-ABF3-4704A5E2B2C0}.Ad-Hoc|iPhoneSimulator.Build.0 = Debug|Any CPU
		{1716166D-6DB4-4B53-ABF3-4704A5E2B2C0}.Ad-Hoc|iPhoneSimulator.Deploy.0 = Debug|Any CPU
		{1716166D-6DB4-4B53-ABF3-4704A5E2B2C0}.Ad-Hoc|x64.ActiveCfg = Debug|Any CPU
		{1716166D-6DB4-4B53-ABF3-4704A5E2B2C0}.Ad-Hoc|x64.Build.0 = Debug|Any CPU
		{1716166D-6DB4-4B53-ABF3-4704A5E2B2C0}.Ad-Hoc|x64.Deploy.0 = Debug|Any CPU
		{1716166D-6DB4-4B53-ABF3-4704A5E2B2C0}.Ad-Hoc|x86.ActiveCfg = Debug|Any CPU
		{1716166D-6DB4-4B53-ABF3-4704A5E2B2C0}.Ad-Hoc|x86.Build.0 = Debug|Any CPU
		{1716166D-6DB4-4B53-ABF3-4704A5E2B2C0}.Ad-Hoc|x86.Deploy.0 = Debug|Any CPU
		{1716166D-6DB4-4B53-ABF3-4704A5E2B2C0}.AppStore|Any CPU.ActiveCfg = Debug|Any CPU
		{1716166D-6DB4-4B53-ABF3-4704A5E2B2C0}.AppStore|Any CPU.Build.0 = Debug|Any CPU
		{1716166D-6DB4-4B53-ABF3-4704A5E2B2C0}.AppStore|Any CPU.Deploy.0 = Debug|Any CPU
		{1716166D-6DB4-4B53-ABF3-4704A5E2B2C0}.AppStore|ARM.ActiveCfg = Debug|Any CPU
		{1716166D-6DB4-4B53-ABF3-4704A5E2B2C0}.AppStore|ARM.Build.0 = Debug|Any CPU
		{1716166D-6DB4-4B53-ABF3-4704A5E2B2C0}.AppStore|ARM.Deploy.0 = Debug|Any CPU
		{1716166D-6DB4-4B53-ABF3-4704A5E2B2C0}.AppStore|ARM64.ActiveCfg = Debug|Any CPU
		{1716166D-6DB4-4B53-ABF3-4704A5E2B2C0}.AppStore|ARM64.Build.0 = Debug|Any CPU
		{1716166D-6DB4-4B53-ABF3-4704A5E2B2C0}.AppStore|ARM64.Deploy.0 = Debug|Any CPU
		{1716166D-6DB4-4B53-ABF3-4704A5E2B2C0}.AppStore|iPhone.ActiveCfg = Debug|Any CPU
		{1716166D-6DB4-4B53-ABF3-4704A5E2B2C0}.AppStore|iPhone.Build.0 = Debug|Any CPU
		{1716166D-6DB4-4B53-ABF3-4704A5E2B2C0}.AppStore|iPhone.Deploy.0 = Debug|Any CPU
		{1716166D-6DB4-4B53-ABF3-4704A5E2B2C0}.AppStore|iPhoneSimulator.ActiveCfg = Debug|Any CPU
		{1716166D-6DB4-4B53-ABF3-4704A5E2B2C0}.AppStore|iPhoneSimulator.Build.0 = Debug|Any CPU
		{1716166D-6DB4-4B53-ABF3-4704A5E2B2C0}.AppStore|iPhoneSimulator.Deploy.0 = Debug|Any CPU
		{1716166D-6DB4-4B53-ABF3-4704A5E2B2C0}.AppStore|x64.ActiveCfg = Debug|Any CPU
		{1716166D-6DB4-4B53-ABF3-4704A5E2B2C0}.AppStore|x64.Build.0 = Debug|Any CPU
		{1716166D-6DB4-4B53-ABF3-4704A5E2B2C0}.AppStore|x64.Deploy.0 = Debug|Any CPU
		{1716166D-6DB4-4B53-ABF3-4704A5E2B2C0}.AppStore|x86.ActiveCfg = Debug|Any CPU
		{1716166D-6DB4-4B53-ABF3-4704A5E2B2C0}.AppStore|x86.Build.0 = Debug|Any CPU
		{1716166D-6DB4-4B53-ABF3-4704A5E2B2C0}.AppStore|x86.Deploy.0 = Debug|Any CPU
		{1716166D-6DB4-4B53-ABF3-4704A5E2B2C0}.Debug|Any CPU.ActiveCfg = Debug|Any CPU
		{1716166D-6DB4-4B53-ABF3-4704A5E2B2C0}.Debug|Any CPU.Build.0 = Debug|Any CPU
		{1716166D-6DB4-4B53-ABF3-4704A5E2B2C0}.Debug|Any CPU.Deploy.0 = Debug|Any CPU
		{1716166D-6DB4-4B53-ABF3-4704A5E2B2C0}.Debug|ARM.ActiveCfg = Debug|Any CPU
		{1716166D-6DB4-4B53-ABF3-4704A5E2B2C0}.Debug|ARM.Build.0 = Debug|Any CPU
		{1716166D-6DB4-4B53-ABF3-4704A5E2B2C0}.Debug|ARM.Deploy.0 = Debug|Any CPU
		{1716166D-6DB4-4B53-ABF3-4704A5E2B2C0}.Debug|ARM64.ActiveCfg = Debug|Any CPU
		{1716166D-6DB4-4B53-ABF3-4704A5E2B2C0}.Debug|ARM64.Build.0 = Debug|Any CPU
		{1716166D-6DB4-4B53-ABF3-4704A5E2B2C0}.Debug|ARM64.Deploy.0 = Debug|Any CPU
		{1716166D-6DB4-4B53-ABF3-4704A5E2B2C0}.Debug|iPhone.ActiveCfg = Debug|Any CPU
		{1716166D-6DB4-4B53-ABF3-4704A5E2B2C0}.Debug|iPhone.Build.0 = Debug|Any CPU
		{1716166D-6DB4-4B53-ABF3-4704A5E2B2C0}.Debug|iPhone.Deploy.0 = Debug|Any CPU
		{1716166D-6DB4-4B53-ABF3-4704A5E2B2C0}.Debug|iPhoneSimulator.ActiveCfg = Debug|Any CPU
		{1716166D-6DB4-4B53-ABF3-4704A5E2B2C0}.Debug|iPhoneSimulator.Build.0 = Debug|Any CPU
		{1716166D-6DB4-4B53-ABF3-4704A5E2B2C0}.Debug|iPhoneSimulator.Deploy.0 = Debug|Any CPU
		{1716166D-6DB4-4B53-ABF3-4704A5E2B2C0}.Debug|x64.ActiveCfg = Debug|Any CPU
		{1716166D-6DB4-4B53-ABF3-4704A5E2B2C0}.Debug|x64.Build.0 = Debug|Any CPU
		{1716166D-6DB4-4B53-ABF3-4704A5E2B2C0}.Debug|x64.Deploy.0 = Debug|Any CPU
		{1716166D-6DB4-4B53-ABF3-4704A5E2B2C0}.Debug|x86.ActiveCfg = Debug|Any CPU
		{1716166D-6DB4-4B53-ABF3-4704A5E2B2C0}.Debug|x86.Build.0 = Debug|Any CPU
		{1716166D-6DB4-4B53-ABF3-4704A5E2B2C0}.Debug|x86.Deploy.0 = Debug|Any CPU
		{1716166D-6DB4-4B53-ABF3-4704A5E2B2C0}.Release|Any CPU.ActiveCfg = Release|Any CPU
		{1716166D-6DB4-4B53-ABF3-4704A5E2B2C0}.Release|Any CPU.Build.0 = Release|Any CPU
		{1716166D-6DB4-4B53-ABF3-4704A5E2B2C0}.Release|Any CPU.Deploy.0 = Release|Any CPU
		{1716166D-6DB4-4B53-ABF3-4704A5E2B2C0}.Release|ARM.ActiveCfg = Release|Any CPU
		{1716166D-6DB4-4B53-ABF3-4704A5E2B2C0}.Release|ARM.Build.0 = Release|Any CPU
		{1716166D-6DB4-4B53-ABF3-4704A5E2B2C0}.Release|ARM.Deploy.0 = Release|Any CPU
		{1716166D-6DB4-4B53-ABF3-4704A5E2B2C0}.Release|ARM64.ActiveCfg = Release|Any CPU
		{1716166D-6DB4-4B53-ABF3-4704A5E2B2C0}.Release|ARM64.Build.0 = Release|Any CPU
		{1716166D-6DB4-4B53-ABF3-4704A5E2B2C0}.Release|ARM64.Deploy.0 = Release|Any CPU
		{1716166D-6DB4-4B53-ABF3-4704A5E2B2C0}.Release|iPhone.ActiveCfg = Release|Any CPU
		{1716166D-6DB4-4B53-ABF3-4704A5E2B2C0}.Release|iPhone.Build.0 = Release|Any CPU
		{1716166D-6DB4-4B53-ABF3-4704A5E2B2C0}.Release|iPhone.Deploy.0 = Release|Any CPU
		{1716166D-6DB4-4B53-ABF3-4704A5E2B2C0}.Release|iPhoneSimulator.ActiveCfg = Release|Any CPU
		{1716166D-6DB4-4B53-ABF3-4704A5E2B2C0}.Release|iPhoneSimulator.Build.0 = Release|Any CPU
		{1716166D-6DB4-4B53-ABF3-4704A5E2B2C0}.Release|iPhoneSimulator.Deploy.0 = Release|Any CPU
		{1716166D-6DB4-4B53-ABF3-4704A5E2B2C0}.Release|x64.ActiveCfg = Release|Any CPU
		{1716166D-6DB4-4B53-ABF3-4704A5E2B2C0}.Release|x64.Build.0 = Release|Any CPU
		{1716166D-6DB4-4B53-ABF3-4704A5E2B2C0}.Release|x64.Deploy.0 = Release|Any CPU
		{1716166D-6DB4-4B53-ABF3-4704A5E2B2C0}.Release|x86.ActiveCfg = Release|Any CPU
		{1716166D-6DB4-4B53-ABF3-4704A5E2B2C0}.Release|x86.Build.0 = Release|Any CPU
		{1716166D-6DB4-4B53-ABF3-4704A5E2B2C0}.Release|x86.Deploy.0 = Release|Any CPU
		{094E0E65-BB3D-47CD-8282-16129E2040BB}.Ad-Hoc|Any CPU.ActiveCfg = Ad-Hoc|iPhoneSimulator
		{094E0E65-BB3D-47CD-8282-16129E2040BB}.Ad-Hoc|ARM.ActiveCfg = Ad-Hoc|iPhoneSimulator
		{094E0E65-BB3D-47CD-8282-16129E2040BB}.Ad-Hoc|ARM64.ActiveCfg = Ad-Hoc|iPhoneSimulator
		{094E0E65-BB3D-47CD-8282-16129E2040BB}.Ad-Hoc|iPhone.ActiveCfg = Ad-Hoc|iPhone
		{094E0E65-BB3D-47CD-8282-16129E2040BB}.Ad-Hoc|iPhone.Build.0 = Ad-Hoc|iPhone
		{094E0E65-BB3D-47CD-8282-16129E2040BB}.Ad-Hoc|iPhoneSimulator.ActiveCfg = Ad-Hoc|iPhoneSimulator
		{094E0E65-BB3D-47CD-8282-16129E2040BB}.Ad-Hoc|iPhoneSimulator.Build.0 = Ad-Hoc|iPhoneSimulator
		{094E0E65-BB3D-47CD-8282-16129E2040BB}.Ad-Hoc|x64.ActiveCfg = Ad-Hoc|iPhoneSimulator
		{094E0E65-BB3D-47CD-8282-16129E2040BB}.Ad-Hoc|x86.ActiveCfg = Ad-Hoc|iPhoneSimulator
		{094E0E65-BB3D-47CD-8282-16129E2040BB}.AppStore|Any CPU.ActiveCfg = AppStore|iPhoneSimulator
		{094E0E65-BB3D-47CD-8282-16129E2040BB}.AppStore|ARM.ActiveCfg = AppStore|iPhoneSimulator
		{094E0E65-BB3D-47CD-8282-16129E2040BB}.AppStore|ARM64.ActiveCfg = AppStore|iPhoneSimulator
		{094E0E65-BB3D-47CD-8282-16129E2040BB}.AppStore|iPhone.ActiveCfg = AppStore|iPhone
		{094E0E65-BB3D-47CD-8282-16129E2040BB}.AppStore|iPhone.Build.0 = AppStore|iPhone
		{094E0E65-BB3D-47CD-8282-16129E2040BB}.AppStore|iPhoneSimulator.ActiveCfg = AppStore|iPhoneSimulator
		{094E0E65-BB3D-47CD-8282-16129E2040BB}.AppStore|iPhoneSimulator.Build.0 = AppStore|iPhoneSimulator
		{094E0E65-BB3D-47CD-8282-16129E2040BB}.AppStore|x64.ActiveCfg = AppStore|iPhoneSimulator
		{094E0E65-BB3D-47CD-8282-16129E2040BB}.AppStore|x86.ActiveCfg = AppStore|iPhoneSimulator
		{094E0E65-BB3D-47CD-8282-16129E2040BB}.Debug|Any CPU.ActiveCfg = Debug|iPhoneSimulator
		{094E0E65-BB3D-47CD-8282-16129E2040BB}.Debug|Any CPU.Build.0 = Debug|iPhoneSimulator
		{094E0E65-BB3D-47CD-8282-16129E2040BB}.Debug|ARM.ActiveCfg = Debug|iPhoneSimulator
		{094E0E65-BB3D-47CD-8282-16129E2040BB}.Debug|ARM64.ActiveCfg = Debug|iPhoneSimulator
		{094E0E65-BB3D-47CD-8282-16129E2040BB}.Debug|iPhone.ActiveCfg = Debug|iPhone
		{094E0E65-BB3D-47CD-8282-16129E2040BB}.Debug|iPhone.Build.0 = Debug|iPhone
		{094E0E65-BB3D-47CD-8282-16129E2040BB}.Debug|iPhoneSimulator.ActiveCfg = Debug|iPhoneSimulator
		{094E0E65-BB3D-47CD-8282-16129E2040BB}.Debug|iPhoneSimulator.Build.0 = Debug|iPhoneSimulator
		{094E0E65-BB3D-47CD-8282-16129E2040BB}.Debug|x64.ActiveCfg = Debug|iPhoneSimulator
		{094E0E65-BB3D-47CD-8282-16129E2040BB}.Debug|x86.ActiveCfg = Debug|iPhoneSimulator
		{094E0E65-BB3D-47CD-8282-16129E2040BB}.Release|Any CPU.ActiveCfg = Release|iPhoneSimulator
		{094E0E65-BB3D-47CD-8282-16129E2040BB}.Release|ARM.ActiveCfg = Release|iPhoneSimulator
		{094E0E65-BB3D-47CD-8282-16129E2040BB}.Release|ARM64.ActiveCfg = Release|iPhoneSimulator
		{094E0E65-BB3D-47CD-8282-16129E2040BB}.Release|iPhone.ActiveCfg = Release|iPhone
		{094E0E65-BB3D-47CD-8282-16129E2040BB}.Release|iPhone.Build.0 = Release|iPhone
		{094E0E65-BB3D-47CD-8282-16129E2040BB}.Release|iPhoneSimulator.ActiveCfg = Release|iPhoneSimulator
		{094E0E65-BB3D-47CD-8282-16129E2040BB}.Release|iPhoneSimulator.Build.0 = Release|iPhoneSimulator
		{094E0E65-BB3D-47CD-8282-16129E2040BB}.Release|x64.ActiveCfg = Release|iPhoneSimulator
		{094E0E65-BB3D-47CD-8282-16129E2040BB}.Release|x86.ActiveCfg = Release|iPhoneSimulator
		{37A1D927-1FB5-4EC0-86A9-2A8D747EF999}.Ad-Hoc|Any CPU.ActiveCfg = Debug|x86
		{37A1D927-1FB5-4EC0-86A9-2A8D747EF999}.Ad-Hoc|Any CPU.Build.0 = Debug|x86
		{37A1D927-1FB5-4EC0-86A9-2A8D747EF999}.Ad-Hoc|Any CPU.Deploy.0 = Debug|x86
		{37A1D927-1FB5-4EC0-86A9-2A8D747EF999}.Ad-Hoc|ARM.ActiveCfg = Debug|ARM
		{37A1D927-1FB5-4EC0-86A9-2A8D747EF999}.Ad-Hoc|ARM.Build.0 = Debug|ARM
		{37A1D927-1FB5-4EC0-86A9-2A8D747EF999}.Ad-Hoc|ARM.Deploy.0 = Debug|ARM
		{37A1D927-1FB5-4EC0-86A9-2A8D747EF999}.Ad-Hoc|ARM64.ActiveCfg = Debug|ARM64
		{37A1D927-1FB5-4EC0-86A9-2A8D747EF999}.Ad-Hoc|ARM64.Build.0 = Debug|ARM64
		{37A1D927-1FB5-4EC0-86A9-2A8D747EF999}.Ad-Hoc|ARM64.Deploy.0 = Debug|ARM64
		{37A1D927-1FB5-4EC0-86A9-2A8D747EF999}.Ad-Hoc|iPhone.ActiveCfg = Debug|x86
		{37A1D927-1FB5-4EC0-86A9-2A8D747EF999}.Ad-Hoc|iPhone.Build.0 = Debug|x86
		{37A1D927-1FB5-4EC0-86A9-2A8D747EF999}.Ad-Hoc|iPhone.Deploy.0 = Debug|x86
		{37A1D927-1FB5-4EC0-86A9-2A8D747EF999}.Ad-Hoc|iPhoneSimulator.ActiveCfg = Debug|x86
		{37A1D927-1FB5-4EC0-86A9-2A8D747EF999}.Ad-Hoc|iPhoneSimulator.Build.0 = Debug|x86
		{37A1D927-1FB5-4EC0-86A9-2A8D747EF999}.Ad-Hoc|iPhoneSimulator.Deploy.0 = Debug|x86
		{37A1D927-1FB5-4EC0-86A9-2A8D747EF999}.Ad-Hoc|x64.ActiveCfg = Debug|x64
		{37A1D927-1FB5-4EC0-86A9-2A8D747EF999}.Ad-Hoc|x64.Build.0 = Debug|x64
		{37A1D927-1FB5-4EC0-86A9-2A8D747EF999}.Ad-Hoc|x64.Deploy.0 = Debug|x64
		{37A1D927-1FB5-4EC0-86A9-2A8D747EF999}.Ad-Hoc|x86.ActiveCfg = Debug|x86
		{37A1D927-1FB5-4EC0-86A9-2A8D747EF999}.Ad-Hoc|x86.Build.0 = Debug|x86
		{37A1D927-1FB5-4EC0-86A9-2A8D747EF999}.Ad-Hoc|x86.Deploy.0 = Debug|x86
		{37A1D927-1FB5-4EC0-86A9-2A8D747EF999}.AppStore|Any CPU.ActiveCfg = Debug|x86
		{37A1D927-1FB5-4EC0-86A9-2A8D747EF999}.AppStore|Any CPU.Build.0 = Debug|x86
		{37A1D927-1FB5-4EC0-86A9-2A8D747EF999}.AppStore|Any CPU.Deploy.0 = Debug|x86
		{37A1D927-1FB5-4EC0-86A9-2A8D747EF999}.AppStore|ARM.ActiveCfg = Debug|ARM
		{37A1D927-1FB5-4EC0-86A9-2A8D747EF999}.AppStore|ARM.Build.0 = Debug|ARM
		{37A1D927-1FB5-4EC0-86A9-2A8D747EF999}.AppStore|ARM.Deploy.0 = Debug|ARM
		{37A1D927-1FB5-4EC0-86A9-2A8D747EF999}.AppStore|ARM64.ActiveCfg = Debug|ARM64
		{37A1D927-1FB5-4EC0-86A9-2A8D747EF999}.AppStore|ARM64.Build.0 = Debug|ARM64
		{37A1D927-1FB5-4EC0-86A9-2A8D747EF999}.AppStore|ARM64.Deploy.0 = Debug|ARM64
		{37A1D927-1FB5-4EC0-86A9-2A8D747EF999}.AppStore|iPhone.ActiveCfg = Debug|x86
		{37A1D927-1FB5-4EC0-86A9-2A8D747EF999}.AppStore|iPhone.Build.0 = Debug|x86
		{37A1D927-1FB5-4EC0-86A9-2A8D747EF999}.AppStore|iPhone.Deploy.0 = Debug|x86
		{37A1D927-1FB5-4EC0-86A9-2A8D747EF999}.AppStore|iPhoneSimulator.ActiveCfg = Debug|x86
		{37A1D927-1FB5-4EC0-86A9-2A8D747EF999}.AppStore|iPhoneSimulator.Build.0 = Debug|x86
		{37A1D927-1FB5-4EC0-86A9-2A8D747EF999}.AppStore|iPhoneSimulator.Deploy.0 = Debug|x86
		{37A1D927-1FB5-4EC0-86A9-2A8D747EF999}.AppStore|x64.ActiveCfg = Debug|x64
		{37A1D927-1FB5-4EC0-86A9-2A8D747EF999}.AppStore|x64.Build.0 = Debug|x64
		{37A1D927-1FB5-4EC0-86A9-2A8D747EF999}.AppStore|x64.Deploy.0 = Debug|x64
		{37A1D927-1FB5-4EC0-86A9-2A8D747EF999}.AppStore|x86.ActiveCfg = Debug|x86
		{37A1D927-1FB5-4EC0-86A9-2A8D747EF999}.AppStore|x86.Build.0 = Debug|x86
		{37A1D927-1FB5-4EC0-86A9-2A8D747EF999}.AppStore|x86.Deploy.0 = Debug|x86
		{37A1D927-1FB5-4EC0-86A9-2A8D747EF999}.Debug|Any CPU.ActiveCfg = Debug|x86
		{37A1D927-1FB5-4EC0-86A9-2A8D747EF999}.Debug|Any CPU.Build.0 = Debug|x86
		{37A1D927-1FB5-4EC0-86A9-2A8D747EF999}.Debug|Any CPU.Deploy.0 = Debug|x86
		{37A1D927-1FB5-4EC0-86A9-2A8D747EF999}.Debug|ARM.ActiveCfg = Debug|ARM
		{37A1D927-1FB5-4EC0-86A9-2A8D747EF999}.Debug|ARM.Build.0 = Debug|ARM
		{37A1D927-1FB5-4EC0-86A9-2A8D747EF999}.Debug|ARM.Deploy.0 = Debug|ARM
		{37A1D927-1FB5-4EC0-86A9-2A8D747EF999}.Debug|ARM64.ActiveCfg = Debug|ARM64
		{37A1D927-1FB5-4EC0-86A9-2A8D747EF999}.Debug|ARM64.Build.0 = Debug|ARM64
		{37A1D927-1FB5-4EC0-86A9-2A8D747EF999}.Debug|ARM64.Deploy.0 = Debug|ARM64
		{37A1D927-1FB5-4EC0-86A9-2A8D747EF999}.Debug|iPhone.ActiveCfg = Debug|x86
		{37A1D927-1FB5-4EC0-86A9-2A8D747EF999}.Debug|iPhoneSimulator.ActiveCfg = Debug|x86
		{37A1D927-1FB5-4EC0-86A9-2A8D747EF999}.Debug|x64.ActiveCfg = Debug|x64
		{37A1D927-1FB5-4EC0-86A9-2A8D747EF999}.Debug|x64.Build.0 = Debug|x64
		{37A1D927-1FB5-4EC0-86A9-2A8D747EF999}.Debug|x64.Deploy.0 = Debug|x64
		{37A1D927-1FB5-4EC0-86A9-2A8D747EF999}.Debug|x86.ActiveCfg = Debug|x86
		{37A1D927-1FB5-4EC0-86A9-2A8D747EF999}.Debug|x86.Build.0 = Debug|x86
		{37A1D927-1FB5-4EC0-86A9-2A8D747EF999}.Debug|x86.Deploy.0 = Debug|x86
		{37A1D927-1FB5-4EC0-86A9-2A8D747EF999}.Release|Any CPU.ActiveCfg = Release|x86
		{37A1D927-1FB5-4EC0-86A9-2A8D747EF999}.Release|ARM.ActiveCfg = Release|ARM
		{37A1D927-1FB5-4EC0-86A9-2A8D747EF999}.Release|ARM.Build.0 = Release|ARM
		{37A1D927-1FB5-4EC0-86A9-2A8D747EF999}.Release|ARM.Deploy.0 = Release|ARM
		{37A1D927-1FB5-4EC0-86A9-2A8D747EF999}.Release|ARM64.ActiveCfg = Release|ARM64
		{37A1D927-1FB5-4EC0-86A9-2A8D747EF999}.Release|ARM64.Build.0 = Release|ARM64
		{37A1D927-1FB5-4EC0-86A9-2A8D747EF999}.Release|ARM64.Deploy.0 = Release|ARM64
		{37A1D927-1FB5-4EC0-86A9-2A8D747EF999}.Release|iPhone.ActiveCfg = Release|x86
		{37A1D927-1FB5-4EC0-86A9-2A8D747EF999}.Release|iPhoneSimulator.ActiveCfg = Release|x86
		{37A1D927-1FB5-4EC0-86A9-2A8D747EF999}.Release|x64.ActiveCfg = Release|x64
		{37A1D927-1FB5-4EC0-86A9-2A8D747EF999}.Release|x64.Build.0 = Release|x64
		{37A1D927-1FB5-4EC0-86A9-2A8D747EF999}.Release|x64.Deploy.0 = Release|x64
		{37A1D927-1FB5-4EC0-86A9-2A8D747EF999}.Release|x86.ActiveCfg = Release|x86
		{37A1D927-1FB5-4EC0-86A9-2A8D747EF999}.Release|x86.Build.0 = Release|x86
		{37A1D927-1FB5-4EC0-86A9-2A8D747EF999}.Release|x86.Deploy.0 = Release|x86
		{560028F3-E854-4EBD-84A7-45A444721FB1}.Ad-Hoc|Any CPU.ActiveCfg = Debug|Any CPU
		{560028F3-E854-4EBD-84A7-45A444721FB1}.Ad-Hoc|Any CPU.Build.0 = Debug|Any CPU
		{560028F3-E854-4EBD-84A7-45A444721FB1}.Ad-Hoc|ARM.ActiveCfg = Debug|Any CPU
		{560028F3-E854-4EBD-84A7-45A444721FB1}.Ad-Hoc|ARM.Build.0 = Debug|Any CPU
		{560028F3-E854-4EBD-84A7-45A444721FB1}.Ad-Hoc|ARM64.ActiveCfg = Debug|Any CPU
		{560028F3-E854-4EBD-84A7-45A444721FB1}.Ad-Hoc|ARM64.Build.0 = Debug|Any CPU
		{560028F3-E854-4EBD-84A7-45A444721FB1}.Ad-Hoc|iPhone.ActiveCfg = Debug|Any CPU
		{560028F3-E854-4EBD-84A7-45A444721FB1}.Ad-Hoc|iPhone.Build.0 = Debug|Any CPU
		{560028F3-E854-4EBD-84A7-45A444721FB1}.Ad-Hoc|iPhoneSimulator.ActiveCfg = Debug|Any CPU
		{560028F3-E854-4EBD-84A7-45A444721FB1}.Ad-Hoc|iPhoneSimulator.Build.0 = Debug|Any CPU
		{560028F3-E854-4EBD-84A7-45A444721FB1}.Ad-Hoc|x64.ActiveCfg = Debug|Any CPU
		{560028F3-E854-4EBD-84A7-45A444721FB1}.Ad-Hoc|x64.Build.0 = Debug|Any CPU
		{560028F3-E854-4EBD-84A7-45A444721FB1}.Ad-Hoc|x86.ActiveCfg = Debug|Any CPU
		{560028F3-E854-4EBD-84A7-45A444721FB1}.Ad-Hoc|x86.Build.0 = Debug|Any CPU
		{560028F3-E854-4EBD-84A7-45A444721FB1}.AppStore|Any CPU.ActiveCfg = Debug|Any CPU
		{560028F3-E854-4EBD-84A7-45A444721FB1}.AppStore|Any CPU.Build.0 = Debug|Any CPU
		{560028F3-E854-4EBD-84A7-45A444721FB1}.AppStore|ARM.ActiveCfg = Debug|Any CPU
		{560028F3-E854-4EBD-84A7-45A444721FB1}.AppStore|ARM.Build.0 = Debug|Any CPU
		{560028F3-E854-4EBD-84A7-45A444721FB1}.AppStore|ARM64.ActiveCfg = Debug|Any CPU
		{560028F3-E854-4EBD-84A7-45A444721FB1}.AppStore|ARM64.Build.0 = Debug|Any CPU
		{560028F3-E854-4EBD-84A7-45A444721FB1}.AppStore|iPhone.ActiveCfg = Debug|Any CPU
		{560028F3-E854-4EBD-84A7-45A444721FB1}.AppStore|iPhone.Build.0 = Debug|Any CPU
		{560028F3-E854-4EBD-84A7-45A444721FB1}.AppStore|iPhoneSimulator.ActiveCfg = Debug|Any CPU
		{560028F3-E854-4EBD-84A7-45A444721FB1}.AppStore|iPhoneSimulator.Build.0 = Debug|Any CPU
		{560028F3-E854-4EBD-84A7-45A444721FB1}.AppStore|x64.ActiveCfg = Debug|Any CPU
		{560028F3-E854-4EBD-84A7-45A444721FB1}.AppStore|x64.Build.0 = Debug|Any CPU
		{560028F3-E854-4EBD-84A7-45A444721FB1}.AppStore|x86.ActiveCfg = Debug|Any CPU
		{560028F3-E854-4EBD-84A7-45A444721FB1}.AppStore|x86.Build.0 = Debug|Any CPU
		{560028F3-E854-4EBD-84A7-45A444721FB1}.Debug|Any CPU.ActiveCfg = Debug|Any CPU
		{560028F3-E854-4EBD-84A7-45A444721FB1}.Debug|Any CPU.Build.0 = Debug|Any CPU
		{560028F3-E854-4EBD-84A7-45A444721FB1}.Debug|ARM.ActiveCfg = Debug|Any CPU
		{560028F3-E854-4EBD-84A7-45A444721FB1}.Debug|ARM.Build.0 = Debug|Any CPU
		{560028F3-E854-4EBD-84A7-45A444721FB1}.Debug|ARM64.ActiveCfg = Debug|Any CPU
		{560028F3-E854-4EBD-84A7-45A444721FB1}.Debug|ARM64.Build.0 = Debug|Any CPU
		{560028F3-E854-4EBD-84A7-45A444721FB1}.Debug|iPhone.ActiveCfg = Debug|Any CPU
		{560028F3-E854-4EBD-84A7-45A444721FB1}.Debug|iPhone.Build.0 = Debug|Any CPU
		{560028F3-E854-4EBD-84A7-45A444721FB1}.Debug|iPhoneSimulator.ActiveCfg = Debug|Any CPU
		{560028F3-E854-4EBD-84A7-45A444721FB1}.Debug|iPhoneSimulator.Build.0 = Debug|Any CPU
		{560028F3-E854-4EBD-84A7-45A444721FB1}.Debug|x64.ActiveCfg = Debug|Any CPU
		{560028F3-E854-4EBD-84A7-45A444721FB1}.Debug|x64.Build.0 = Debug|Any CPU
		{560028F3-E854-4EBD-84A7-45A444721FB1}.Debug|x86.ActiveCfg = Debug|Any CPU
		{560028F3-E854-4EBD-84A7-45A444721FB1}.Debug|x86.Build.0 = Debug|Any CPU
		{560028F3-E854-4EBD-84A7-45A444721FB1}.Release|Any CPU.ActiveCfg = Release|Any CPU
		{560028F3-E854-4EBD-84A7-45A444721FB1}.Release|Any CPU.Build.0 = Release|Any CPU
		{560028F3-E854-4EBD-84A7-45A444721FB1}.Release|ARM.ActiveCfg = Release|Any CPU
		{560028F3-E854-4EBD-84A7-45A444721FB1}.Release|ARM.Build.0 = Release|Any CPU
		{560028F3-E854-4EBD-84A7-45A444721FB1}.Release|ARM64.ActiveCfg = Release|Any CPU
		{560028F3-E854-4EBD-84A7-45A444721FB1}.Release|ARM64.Build.0 = Release|Any CPU
		{560028F3-E854-4EBD-84A7-45A444721FB1}.Release|iPhone.ActiveCfg = Release|Any CPU
		{560028F3-E854-4EBD-84A7-45A444721FB1}.Release|iPhone.Build.0 = Release|Any CPU
		{560028F3-E854-4EBD-84A7-45A444721FB1}.Release|iPhoneSimulator.ActiveCfg = Release|Any CPU
		{560028F3-E854-4EBD-84A7-45A444721FB1}.Release|iPhoneSimulator.Build.0 = Release|Any CPU
		{560028F3-E854-4EBD-84A7-45A444721FB1}.Release|x64.ActiveCfg = Release|Any CPU
		{560028F3-E854-4EBD-84A7-45A444721FB1}.Release|x64.Build.0 = Release|Any CPU
		{560028F3-E854-4EBD-84A7-45A444721FB1}.Release|x86.ActiveCfg = Release|Any CPU
		{560028F3-E854-4EBD-84A7-45A444721FB1}.Release|x86.Build.0 = Release|Any CPU
		{3BCC90DB-3976-4FAB-9784-9DBA6D2170A3}.Ad-Hoc|Any CPU.ActiveCfg = Debug|iPhoneSimulator
		{3BCC90DB-3976-4FAB-9784-9DBA6D2170A3}.Ad-Hoc|Any CPU.Build.0 = Debug|iPhoneSimulator
		{3BCC90DB-3976-4FAB-9784-9DBA6D2170A3}.Ad-Hoc|ARM.ActiveCfg = Debug|iPhoneSimulator
		{3BCC90DB-3976-4FAB-9784-9DBA6D2170A3}.Ad-Hoc|ARM.Build.0 = Debug|iPhoneSimulator
		{3BCC90DB-3976-4FAB-9784-9DBA6D2170A3}.Ad-Hoc|ARM64.ActiveCfg = Debug|iPhoneSimulator
		{3BCC90DB-3976-4FAB-9784-9DBA6D2170A3}.Ad-Hoc|ARM64.Build.0 = Debug|iPhoneSimulator
		{3BCC90DB-3976-4FAB-9784-9DBA6D2170A3}.Ad-Hoc|iPhone.ActiveCfg = Debug|iPhoneSimulator
		{3BCC90DB-3976-4FAB-9784-9DBA6D2170A3}.Ad-Hoc|iPhone.Build.0 = Debug|iPhoneSimulator
		{3BCC90DB-3976-4FAB-9784-9DBA6D2170A3}.Ad-Hoc|iPhoneSimulator.ActiveCfg = Debug|iPhoneSimulator
		{3BCC90DB-3976-4FAB-9784-9DBA6D2170A3}.Ad-Hoc|iPhoneSimulator.Build.0 = Debug|iPhoneSimulator
		{3BCC90DB-3976-4FAB-9784-9DBA6D2170A3}.Ad-Hoc|x64.ActiveCfg = Debug|iPhoneSimulator
		{3BCC90DB-3976-4FAB-9784-9DBA6D2170A3}.Ad-Hoc|x64.Build.0 = Debug|iPhoneSimulator
		{3BCC90DB-3976-4FAB-9784-9DBA6D2170A3}.Ad-Hoc|x86.ActiveCfg = Debug|iPhoneSimulator
		{3BCC90DB-3976-4FAB-9784-9DBA6D2170A3}.Ad-Hoc|x86.Build.0 = Debug|iPhoneSimulator
		{3BCC90DB-3976-4FAB-9784-9DBA6D2170A3}.AppStore|Any CPU.ActiveCfg = Debug|iPhoneSimulator
		{3BCC90DB-3976-4FAB-9784-9DBA6D2170A3}.AppStore|Any CPU.Build.0 = Debug|iPhoneSimulator
		{3BCC90DB-3976-4FAB-9784-9DBA6D2170A3}.AppStore|ARM.ActiveCfg = Debug|iPhoneSimulator
		{3BCC90DB-3976-4FAB-9784-9DBA6D2170A3}.AppStore|ARM.Build.0 = Debug|iPhoneSimulator
		{3BCC90DB-3976-4FAB-9784-9DBA6D2170A3}.AppStore|ARM64.ActiveCfg = Debug|iPhoneSimulator
		{3BCC90DB-3976-4FAB-9784-9DBA6D2170A3}.AppStore|ARM64.Build.0 = Debug|iPhoneSimulator
		{3BCC90DB-3976-4FAB-9784-9DBA6D2170A3}.AppStore|iPhone.ActiveCfg = Debug|iPhoneSimulator
		{3BCC90DB-3976-4FAB-9784-9DBA6D2170A3}.AppStore|iPhone.Build.0 = Debug|iPhoneSimulator
		{3BCC90DB-3976-4FAB-9784-9DBA6D2170A3}.AppStore|iPhoneSimulator.ActiveCfg = Debug|iPhoneSimulator
		{3BCC90DB-3976-4FAB-9784-9DBA6D2170A3}.AppStore|iPhoneSimulator.Build.0 = Debug|iPhoneSimulator
		{3BCC90DB-3976-4FAB-9784-9DBA6D2170A3}.AppStore|x64.ActiveCfg = Debug|iPhoneSimulator
		{3BCC90DB-3976-4FAB-9784-9DBA6D2170A3}.AppStore|x64.Build.0 = Debug|iPhoneSimulator
		{3BCC90DB-3976-4FAB-9784-9DBA6D2170A3}.AppStore|x86.ActiveCfg = Debug|iPhoneSimulator
		{3BCC90DB-3976-4FAB-9784-9DBA6D2170A3}.AppStore|x86.Build.0 = Debug|iPhoneSimulator
		{3BCC90DB-3976-4FAB-9784-9DBA6D2170A3}.Debug|Any CPU.ActiveCfg = Debug|iPhoneSimulator
		{3BCC90DB-3976-4FAB-9784-9DBA6D2170A3}.Debug|Any CPU.Build.0 = Debug|iPhoneSimulator
		{3BCC90DB-3976-4FAB-9784-9DBA6D2170A3}.Debug|ARM.ActiveCfg = Debug|iPhoneSimulator
		{3BCC90DB-3976-4FAB-9784-9DBA6D2170A3}.Debug|ARM64.ActiveCfg = Debug|iPhoneSimulator
		{3BCC90DB-3976-4FAB-9784-9DBA6D2170A3}.Debug|iPhone.ActiveCfg = Debug|iPhoneSimulator
		{3BCC90DB-3976-4FAB-9784-9DBA6D2170A3}.Debug|iPhoneSimulator.ActiveCfg = Debug|iPhoneSimulator
		{3BCC90DB-3976-4FAB-9784-9DBA6D2170A3}.Debug|iPhoneSimulator.Build.0 = Debug|iPhoneSimulator
		{3BCC90DB-3976-4FAB-9784-9DBA6D2170A3}.Debug|x64.ActiveCfg = Debug|iPhoneSimulator
		{3BCC90DB-3976-4FAB-9784-9DBA6D2170A3}.Debug|x86.ActiveCfg = Debug|iPhoneSimulator
		{3BCC90DB-3976-4FAB-9784-9DBA6D2170A3}.Release|Any CPU.ActiveCfg = Release|iPhoneSimulator
		{3BCC90DB-3976-4FAB-9784-9DBA6D2170A3}.Release|ARM.ActiveCfg = Release|iPhoneSimulator
		{3BCC90DB-3976-4FAB-9784-9DBA6D2170A3}.Release|ARM64.ActiveCfg = Release|iPhoneSimulator
		{3BCC90DB-3976-4FAB-9784-9DBA6D2170A3}.Release|iPhone.ActiveCfg = Release|iPhoneSimulator
		{3BCC90DB-3976-4FAB-9784-9DBA6D2170A3}.Release|iPhoneSimulator.ActiveCfg = Release|iPhoneSimulator
		{3BCC90DB-3976-4FAB-9784-9DBA6D2170A3}.Release|iPhoneSimulator.Build.0 = Release|iPhoneSimulator
		{3BCC90DB-3976-4FAB-9784-9DBA6D2170A3}.Release|x64.ActiveCfg = Release|iPhoneSimulator
		{3BCC90DB-3976-4FAB-9784-9DBA6D2170A3}.Release|x86.ActiveCfg = Release|iPhoneSimulator
		{2303CC3D-511B-43B4-A350-F91D03DE5CCB}.Ad-Hoc|Any CPU.ActiveCfg = Debug|Any CPU
		{2303CC3D-511B-43B4-A350-F91D03DE5CCB}.Ad-Hoc|Any CPU.Build.0 = Debug|Any CPU
		{2303CC3D-511B-43B4-A350-F91D03DE5CCB}.Ad-Hoc|ARM.ActiveCfg = Debug|Any CPU
		{2303CC3D-511B-43B4-A350-F91D03DE5CCB}.Ad-Hoc|ARM.Build.0 = Debug|Any CPU
		{2303CC3D-511B-43B4-A350-F91D03DE5CCB}.Ad-Hoc|ARM64.ActiveCfg = Debug|Any CPU
		{2303CC3D-511B-43B4-A350-F91D03DE5CCB}.Ad-Hoc|ARM64.Build.0 = Debug|Any CPU
		{2303CC3D-511B-43B4-A350-F91D03DE5CCB}.Ad-Hoc|iPhone.ActiveCfg = Debug|Any CPU
		{2303CC3D-511B-43B4-A350-F91D03DE5CCB}.Ad-Hoc|iPhone.Build.0 = Debug|Any CPU
		{2303CC3D-511B-43B4-A350-F91D03DE5CCB}.Ad-Hoc|iPhoneSimulator.ActiveCfg = Debug|Any CPU
		{2303CC3D-511B-43B4-A350-F91D03DE5CCB}.Ad-Hoc|iPhoneSimulator.Build.0 = Debug|Any CPU
		{2303CC3D-511B-43B4-A350-F91D03DE5CCB}.Ad-Hoc|x64.ActiveCfg = Debug|Any CPU
		{2303CC3D-511B-43B4-A350-F91D03DE5CCB}.Ad-Hoc|x64.Build.0 = Debug|Any CPU
		{2303CC3D-511B-43B4-A350-F91D03DE5CCB}.Ad-Hoc|x86.ActiveCfg = Debug|Any CPU
		{2303CC3D-511B-43B4-A350-F91D03DE5CCB}.Ad-Hoc|x86.Build.0 = Debug|Any CPU
		{2303CC3D-511B-43B4-A350-F91D03DE5CCB}.AppStore|Any CPU.ActiveCfg = Debug|Any CPU
		{2303CC3D-511B-43B4-A350-F91D03DE5CCB}.AppStore|Any CPU.Build.0 = Debug|Any CPU
		{2303CC3D-511B-43B4-A350-F91D03DE5CCB}.AppStore|ARM.ActiveCfg = Debug|Any CPU
		{2303CC3D-511B-43B4-A350-F91D03DE5CCB}.AppStore|ARM.Build.0 = Debug|Any CPU
		{2303CC3D-511B-43B4-A350-F91D03DE5CCB}.AppStore|ARM64.ActiveCfg = Debug|Any CPU
		{2303CC3D-511B-43B4-A350-F91D03DE5CCB}.AppStore|ARM64.Build.0 = Debug|Any CPU
		{2303CC3D-511B-43B4-A350-F91D03DE5CCB}.AppStore|iPhone.ActiveCfg = Debug|Any CPU
		{2303CC3D-511B-43B4-A350-F91D03DE5CCB}.AppStore|iPhone.Build.0 = Debug|Any CPU
		{2303CC3D-511B-43B4-A350-F91D03DE5CCB}.AppStore|iPhoneSimulator.ActiveCfg = Debug|Any CPU
		{2303CC3D-511B-43B4-A350-F91D03DE5CCB}.AppStore|iPhoneSimulator.Build.0 = Debug|Any CPU
		{2303CC3D-511B-43B4-A350-F91D03DE5CCB}.AppStore|x64.ActiveCfg = Debug|Any CPU
		{2303CC3D-511B-43B4-A350-F91D03DE5CCB}.AppStore|x64.Build.0 = Debug|Any CPU
		{2303CC3D-511B-43B4-A350-F91D03DE5CCB}.AppStore|x86.ActiveCfg = Debug|Any CPU
		{2303CC3D-511B-43B4-A350-F91D03DE5CCB}.AppStore|x86.Build.0 = Debug|Any CPU
		{2303CC3D-511B-43B4-A350-F91D03DE5CCB}.Debug|Any CPU.ActiveCfg = Debug|Any CPU
		{2303CC3D-511B-43B4-A350-F91D03DE5CCB}.Debug|Any CPU.Build.0 = Debug|Any CPU
		{2303CC3D-511B-43B4-A350-F91D03DE5CCB}.Debug|ARM.ActiveCfg = Debug|Any CPU
		{2303CC3D-511B-43B4-A350-F91D03DE5CCB}.Debug|ARM.Build.0 = Debug|Any CPU
		{2303CC3D-511B-43B4-A350-F91D03DE5CCB}.Debug|ARM64.ActiveCfg = Debug|Any CPU
		{2303CC3D-511B-43B4-A350-F91D03DE5CCB}.Debug|ARM64.Build.0 = Debug|Any CPU
		{2303CC3D-511B-43B4-A350-F91D03DE5CCB}.Debug|iPhone.ActiveCfg = Debug|Any CPU
		{2303CC3D-511B-43B4-A350-F91D03DE5CCB}.Debug|iPhone.Build.0 = Debug|Any CPU
		{2303CC3D-511B-43B4-A350-F91D03DE5CCB}.Debug|iPhoneSimulator.ActiveCfg = Debug|Any CPU
		{2303CC3D-511B-43B4-A350-F91D03DE5CCB}.Debug|iPhoneSimulator.Build.0 = Debug|Any CPU
		{2303CC3D-511B-43B4-A350-F91D03DE5CCB}.Debug|x64.ActiveCfg = Debug|Any CPU
		{2303CC3D-511B-43B4-A350-F91D03DE5CCB}.Debug|x64.Build.0 = Debug|Any CPU
		{2303CC3D-511B-43B4-A350-F91D03DE5CCB}.Debug|x86.ActiveCfg = Debug|Any CPU
		{2303CC3D-511B-43B4-A350-F91D03DE5CCB}.Debug|x86.Build.0 = Debug|Any CPU
		{2303CC3D-511B-43B4-A350-F91D03DE5CCB}.Release|Any CPU.ActiveCfg = Release|Any CPU
		{2303CC3D-511B-43B4-A350-F91D03DE5CCB}.Release|Any CPU.Build.0 = Release|Any CPU
		{2303CC3D-511B-43B4-A350-F91D03DE5CCB}.Release|ARM.ActiveCfg = Release|Any CPU
		{2303CC3D-511B-43B4-A350-F91D03DE5CCB}.Release|ARM.Build.0 = Release|Any CPU
		{2303CC3D-511B-43B4-A350-F91D03DE5CCB}.Release|ARM64.ActiveCfg = Release|Any CPU
		{2303CC3D-511B-43B4-A350-F91D03DE5CCB}.Release|ARM64.Build.0 = Release|Any CPU
		{2303CC3D-511B-43B4-A350-F91D03DE5CCB}.Release|iPhone.ActiveCfg = Release|Any CPU
		{2303CC3D-511B-43B4-A350-F91D03DE5CCB}.Release|iPhone.Build.0 = Release|Any CPU
		{2303CC3D-511B-43B4-A350-F91D03DE5CCB}.Release|iPhoneSimulator.ActiveCfg = Release|Any CPU
		{2303CC3D-511B-43B4-A350-F91D03DE5CCB}.Release|iPhoneSimulator.Build.0 = Release|Any CPU
		{2303CC3D-511B-43B4-A350-F91D03DE5CCB}.Release|x64.ActiveCfg = Release|Any CPU
		{2303CC3D-511B-43B4-A350-F91D03DE5CCB}.Release|x64.Build.0 = Release|Any CPU
		{2303CC3D-511B-43B4-A350-F91D03DE5CCB}.Release|x86.ActiveCfg = Release|Any CPU
		{2303CC3D-511B-43B4-A350-F91D03DE5CCB}.Release|x86.Build.0 = Release|Any CPU
		{C7C34273-0E12-4FF0-A66A-9784E081B86E}.Ad-Hoc|Any CPU.ActiveCfg = Debug|Any CPU
		{C7C34273-0E12-4FF0-A66A-9784E081B86E}.Ad-Hoc|Any CPU.Build.0 = Debug|Any CPU
		{C7C34273-0E12-4FF0-A66A-9784E081B86E}.Ad-Hoc|ARM.ActiveCfg = Debug|Any CPU
		{C7C34273-0E12-4FF0-A66A-9784E081B86E}.Ad-Hoc|ARM.Build.0 = Debug|Any CPU
		{C7C34273-0E12-4FF0-A66A-9784E081B86E}.Ad-Hoc|ARM64.ActiveCfg = Debug|Any CPU
		{C7C34273-0E12-4FF0-A66A-9784E081B86E}.Ad-Hoc|ARM64.Build.0 = Debug|Any CPU
		{C7C34273-0E12-4FF0-A66A-9784E081B86E}.Ad-Hoc|iPhone.ActiveCfg = Debug|Any CPU
		{C7C34273-0E12-4FF0-A66A-9784E081B86E}.Ad-Hoc|iPhone.Build.0 = Debug|Any CPU
		{C7C34273-0E12-4FF0-A66A-9784E081B86E}.Ad-Hoc|iPhoneSimulator.ActiveCfg = Debug|Any CPU
		{C7C34273-0E12-4FF0-A66A-9784E081B86E}.Ad-Hoc|iPhoneSimulator.Build.0 = Debug|Any CPU
		{C7C34273-0E12-4FF0-A66A-9784E081B86E}.Ad-Hoc|x64.ActiveCfg = Debug|Any CPU
		{C7C34273-0E12-4FF0-A66A-9784E081B86E}.Ad-Hoc|x64.Build.0 = Debug|Any CPU
		{C7C34273-0E12-4FF0-A66A-9784E081B86E}.Ad-Hoc|x86.ActiveCfg = Debug|Any CPU
		{C7C34273-0E12-4FF0-A66A-9784E081B86E}.Ad-Hoc|x86.Build.0 = Debug|Any CPU
		{C7C34273-0E12-4FF0-A66A-9784E081B86E}.AppStore|Any CPU.ActiveCfg = Debug|Any CPU
		{C7C34273-0E12-4FF0-A66A-9784E081B86E}.AppStore|Any CPU.Build.0 = Debug|Any CPU
		{C7C34273-0E12-4FF0-A66A-9784E081B86E}.AppStore|ARM.ActiveCfg = Debug|Any CPU
		{C7C34273-0E12-4FF0-A66A-9784E081B86E}.AppStore|ARM.Build.0 = Debug|Any CPU
		{C7C34273-0E12-4FF0-A66A-9784E081B86E}.AppStore|ARM64.ActiveCfg = Debug|Any CPU
		{C7C34273-0E12-4FF0-A66A-9784E081B86E}.AppStore|ARM64.Build.0 = Debug|Any CPU
		{C7C34273-0E12-4FF0-A66A-9784E081B86E}.AppStore|iPhone.ActiveCfg = Debug|Any CPU
		{C7C34273-0E12-4FF0-A66A-9784E081B86E}.AppStore|iPhone.Build.0 = Debug|Any CPU
		{C7C34273-0E12-4FF0-A66A-9784E081B86E}.AppStore|iPhoneSimulator.ActiveCfg = Debug|Any CPU
		{C7C34273-0E12-4FF0-A66A-9784E081B86E}.AppStore|iPhoneSimulator.Build.0 = Debug|Any CPU
		{C7C34273-0E12-4FF0-A66A-9784E081B86E}.AppStore|x64.ActiveCfg = Debug|Any CPU
		{C7C34273-0E12-4FF0-A66A-9784E081B86E}.AppStore|x64.Build.0 = Debug|Any CPU
		{C7C34273-0E12-4FF0-A66A-9784E081B86E}.AppStore|x86.ActiveCfg = Debug|Any CPU
		{C7C34273-0E12-4FF0-A66A-9784E081B86E}.AppStore|x86.Build.0 = Debug|Any CPU
		{C7C34273-0E12-4FF0-A66A-9784E081B86E}.Debug|Any CPU.ActiveCfg = Debug|Any CPU
		{C7C34273-0E12-4FF0-A66A-9784E081B86E}.Debug|Any CPU.Build.0 = Debug|Any CPU
		{C7C34273-0E12-4FF0-A66A-9784E081B86E}.Debug|ARM.ActiveCfg = Debug|Any CPU
		{C7C34273-0E12-4FF0-A66A-9784E081B86E}.Debug|ARM.Build.0 = Debug|Any CPU
		{C7C34273-0E12-4FF0-A66A-9784E081B86E}.Debug|ARM64.ActiveCfg = Debug|Any CPU
		{C7C34273-0E12-4FF0-A66A-9784E081B86E}.Debug|ARM64.Build.0 = Debug|Any CPU
		{C7C34273-0E12-4FF0-A66A-9784E081B86E}.Debug|iPhone.ActiveCfg = Debug|Any CPU
		{C7C34273-0E12-4FF0-A66A-9784E081B86E}.Debug|iPhone.Build.0 = Debug|Any CPU
		{C7C34273-0E12-4FF0-A66A-9784E081B86E}.Debug|iPhoneSimulator.ActiveCfg = Debug|Any CPU
		{C7C34273-0E12-4FF0-A66A-9784E081B86E}.Debug|iPhoneSimulator.Build.0 = Debug|Any CPU
		{C7C34273-0E12-4FF0-A66A-9784E081B86E}.Debug|x64.ActiveCfg = Debug|Any CPU
		{C7C34273-0E12-4FF0-A66A-9784E081B86E}.Debug|x64.Build.0 = Debug|Any CPU
		{C7C34273-0E12-4FF0-A66A-9784E081B86E}.Debug|x86.ActiveCfg = Debug|Any CPU
		{C7C34273-0E12-4FF0-A66A-9784E081B86E}.Debug|x86.Build.0 = Debug|Any CPU
		{C7C34273-0E12-4FF0-A66A-9784E081B86E}.Release|Any CPU.ActiveCfg = Release|Any CPU
		{C7C34273-0E12-4FF0-A66A-9784E081B86E}.Release|Any CPU.Build.0 = Release|Any CPU
		{C7C34273-0E12-4FF0-A66A-9784E081B86E}.Release|ARM.ActiveCfg = Release|Any CPU
		{C7C34273-0E12-4FF0-A66A-9784E081B86E}.Release|ARM.Build.0 = Release|Any CPU
		{C7C34273-0E12-4FF0-A66A-9784E081B86E}.Release|ARM64.ActiveCfg = Release|Any CPU
		{C7C34273-0E12-4FF0-A66A-9784E081B86E}.Release|ARM64.Build.0 = Release|Any CPU
		{C7C34273-0E12-4FF0-A66A-9784E081B86E}.Release|iPhone.ActiveCfg = Release|Any CPU
		{C7C34273-0E12-4FF0-A66A-9784E081B86E}.Release|iPhone.Build.0 = Release|Any CPU
		{C7C34273-0E12-4FF0-A66A-9784E081B86E}.Release|iPhoneSimulator.ActiveCfg = Release|Any CPU
		{C7C34273-0E12-4FF0-A66A-9784E081B86E}.Release|iPhoneSimulator.Build.0 = Release|Any CPU
		{C7C34273-0E12-4FF0-A66A-9784E081B86E}.Release|x64.ActiveCfg = Release|Any CPU
		{C7C34273-0E12-4FF0-A66A-9784E081B86E}.Release|x64.Build.0 = Release|Any CPU
		{C7C34273-0E12-4FF0-A66A-9784E081B86E}.Release|x86.ActiveCfg = Release|Any CPU
		{C7C34273-0E12-4FF0-A66A-9784E081B86E}.Release|x86.Build.0 = Release|Any CPU
		{6A664386-4B86-47D2-AE34-D5B99E69182E}.Ad-Hoc|Any CPU.ActiveCfg = Debug|Any CPU
		{6A664386-4B86-47D2-AE34-D5B99E69182E}.Ad-Hoc|Any CPU.Build.0 = Debug|Any CPU
		{6A664386-4B86-47D2-AE34-D5B99E69182E}.Ad-Hoc|ARM.ActiveCfg = Debug|Any CPU
		{6A664386-4B86-47D2-AE34-D5B99E69182E}.Ad-Hoc|ARM.Build.0 = Debug|Any CPU
		{6A664386-4B86-47D2-AE34-D5B99E69182E}.Ad-Hoc|ARM64.ActiveCfg = Debug|Any CPU
		{6A664386-4B86-47D2-AE34-D5B99E69182E}.Ad-Hoc|ARM64.Build.0 = Debug|Any CPU
		{6A664386-4B86-47D2-AE34-D5B99E69182E}.Ad-Hoc|iPhone.ActiveCfg = Debug|Any CPU
		{6A664386-4B86-47D2-AE34-D5B99E69182E}.Ad-Hoc|iPhone.Build.0 = Debug|Any CPU
		{6A664386-4B86-47D2-AE34-D5B99E69182E}.Ad-Hoc|iPhoneSimulator.ActiveCfg = Debug|Any CPU
		{6A664386-4B86-47D2-AE34-D5B99E69182E}.Ad-Hoc|iPhoneSimulator.Build.0 = Debug|Any CPU
		{6A664386-4B86-47D2-AE34-D5B99E69182E}.Ad-Hoc|x64.ActiveCfg = Debug|Any CPU
		{6A664386-4B86-47D2-AE34-D5B99E69182E}.Ad-Hoc|x64.Build.0 = Debug|Any CPU
		{6A664386-4B86-47D2-AE34-D5B99E69182E}.Ad-Hoc|x86.ActiveCfg = Debug|Any CPU
		{6A664386-4B86-47D2-AE34-D5B99E69182E}.Ad-Hoc|x86.Build.0 = Debug|Any CPU
		{6A664386-4B86-47D2-AE34-D5B99E69182E}.AppStore|Any CPU.ActiveCfg = Debug|Any CPU
		{6A664386-4B86-47D2-AE34-D5B99E69182E}.AppStore|Any CPU.Build.0 = Debug|Any CPU
		{6A664386-4B86-47D2-AE34-D5B99E69182E}.AppStore|ARM.ActiveCfg = Debug|Any CPU
		{6A664386-4B86-47D2-AE34-D5B99E69182E}.AppStore|ARM.Build.0 = Debug|Any CPU
		{6A664386-4B86-47D2-AE34-D5B99E69182E}.AppStore|ARM64.ActiveCfg = Debug|Any CPU
		{6A664386-4B86-47D2-AE34-D5B99E69182E}.AppStore|ARM64.Build.0 = Debug|Any CPU
		{6A664386-4B86-47D2-AE34-D5B99E69182E}.AppStore|iPhone.ActiveCfg = Debug|Any CPU
		{6A664386-4B86-47D2-AE34-D5B99E69182E}.AppStore|iPhone.Build.0 = Debug|Any CPU
		{6A664386-4B86-47D2-AE34-D5B99E69182E}.AppStore|iPhoneSimulator.ActiveCfg = Debug|Any CPU
		{6A664386-4B86-47D2-AE34-D5B99E69182E}.AppStore|iPhoneSimulator.Build.0 = Debug|Any CPU
		{6A664386-4B86-47D2-AE34-D5B99E69182E}.AppStore|x64.ActiveCfg = Debug|Any CPU
		{6A664386-4B86-47D2-AE34-D5B99E69182E}.AppStore|x64.Build.0 = Debug|Any CPU
		{6A664386-4B86-47D2-AE34-D5B99E69182E}.AppStore|x86.ActiveCfg = Debug|Any CPU
		{6A664386-4B86-47D2-AE34-D5B99E69182E}.AppStore|x86.Build.0 = Debug|Any CPU
		{6A664386-4B86-47D2-AE34-D5B99E69182E}.Debug|Any CPU.ActiveCfg = Debug|Any CPU
		{6A664386-4B86-47D2-AE34-D5B99E69182E}.Debug|Any CPU.Build.0 = Debug|Any CPU
		{6A664386-4B86-47D2-AE34-D5B99E69182E}.Debug|ARM.ActiveCfg = Debug|Any CPU
		{6A664386-4B86-47D2-AE34-D5B99E69182E}.Debug|ARM.Build.0 = Debug|Any CPU
		{6A664386-4B86-47D2-AE34-D5B99E69182E}.Debug|ARM64.ActiveCfg = Debug|Any CPU
		{6A664386-4B86-47D2-AE34-D5B99E69182E}.Debug|ARM64.Build.0 = Debug|Any CPU
		{6A664386-4B86-47D2-AE34-D5B99E69182E}.Debug|iPhone.ActiveCfg = Debug|Any CPU
		{6A664386-4B86-47D2-AE34-D5B99E69182E}.Debug|iPhone.Build.0 = Debug|Any CPU
		{6A664386-4B86-47D2-AE34-D5B99E69182E}.Debug|iPhoneSimulator.ActiveCfg = Debug|Any CPU
		{6A664386-4B86-47D2-AE34-D5B99E69182E}.Debug|iPhoneSimulator.Build.0 = Debug|Any CPU
		{6A664386-4B86-47D2-AE34-D5B99E69182E}.Debug|x64.ActiveCfg = Debug|Any CPU
		{6A664386-4B86-47D2-AE34-D5B99E69182E}.Debug|x64.Build.0 = Debug|Any CPU
		{6A664386-4B86-47D2-AE34-D5B99E69182E}.Debug|x86.ActiveCfg = Debug|Any CPU
		{6A664386-4B86-47D2-AE34-D5B99E69182E}.Debug|x86.Build.0 = Debug|Any CPU
		{6A664386-4B86-47D2-AE34-D5B99E69182E}.Release|Any CPU.ActiveCfg = Release|Any CPU
		{6A664386-4B86-47D2-AE34-D5B99E69182E}.Release|Any CPU.Build.0 = Release|Any CPU
		{6A664386-4B86-47D2-AE34-D5B99E69182E}.Release|ARM.ActiveCfg = Release|Any CPU
		{6A664386-4B86-47D2-AE34-D5B99E69182E}.Release|ARM.Build.0 = Release|Any CPU
		{6A664386-4B86-47D2-AE34-D5B99E69182E}.Release|ARM64.ActiveCfg = Release|Any CPU
		{6A664386-4B86-47D2-AE34-D5B99E69182E}.Release|ARM64.Build.0 = Release|Any CPU
		{6A664386-4B86-47D2-AE34-D5B99E69182E}.Release|iPhone.ActiveCfg = Release|Any CPU
		{6A664386-4B86-47D2-AE34-D5B99E69182E}.Release|iPhone.Build.0 = Release|Any CPU
		{6A664386-4B86-47D2-AE34-D5B99E69182E}.Release|iPhoneSimulator.ActiveCfg = Release|Any CPU
		{6A664386-4B86-47D2-AE34-D5B99E69182E}.Release|iPhoneSimulator.Build.0 = Release|Any CPU
		{6A664386-4B86-47D2-AE34-D5B99E69182E}.Release|x64.ActiveCfg = Release|Any CPU
		{6A664386-4B86-47D2-AE34-D5B99E69182E}.Release|x64.Build.0 = Release|Any CPU
		{6A664386-4B86-47D2-AE34-D5B99E69182E}.Release|x86.ActiveCfg = Release|Any CPU
		{6A664386-4B86-47D2-AE34-D5B99E69182E}.Release|x86.Build.0 = Release|Any CPU
		{D5A1A9AF-5319-4CC5-B5CE-E5C40000ACEF}.Ad-Hoc|Any CPU.ActiveCfg = Debug|Any CPU
		{D5A1A9AF-5319-4CC5-B5CE-E5C40000ACEF}.Ad-Hoc|Any CPU.Build.0 = Debug|Any CPU
		{D5A1A9AF-5319-4CC5-B5CE-E5C40000ACEF}.Ad-Hoc|ARM.ActiveCfg = Debug|Any CPU
		{D5A1A9AF-5319-4CC5-B5CE-E5C40000ACEF}.Ad-Hoc|ARM.Build.0 = Debug|Any CPU
		{D5A1A9AF-5319-4CC5-B5CE-E5C40000ACEF}.Ad-Hoc|ARM64.ActiveCfg = Debug|Any CPU
		{D5A1A9AF-5319-4CC5-B5CE-E5C40000ACEF}.Ad-Hoc|ARM64.Build.0 = Debug|Any CPU
		{D5A1A9AF-5319-4CC5-B5CE-E5C40000ACEF}.Ad-Hoc|iPhone.ActiveCfg = Debug|Any CPU
		{D5A1A9AF-5319-4CC5-B5CE-E5C40000ACEF}.Ad-Hoc|iPhone.Build.0 = Debug|Any CPU
		{D5A1A9AF-5319-4CC5-B5CE-E5C40000ACEF}.Ad-Hoc|iPhoneSimulator.ActiveCfg = Debug|Any CPU
		{D5A1A9AF-5319-4CC5-B5CE-E5C40000ACEF}.Ad-Hoc|iPhoneSimulator.Build.0 = Debug|Any CPU
		{D5A1A9AF-5319-4CC5-B5CE-E5C40000ACEF}.Ad-Hoc|x64.ActiveCfg = Debug|Any CPU
		{D5A1A9AF-5319-4CC5-B5CE-E5C40000ACEF}.Ad-Hoc|x64.Build.0 = Debug|Any CPU
		{D5A1A9AF-5319-4CC5-B5CE-E5C40000ACEF}.Ad-Hoc|x86.ActiveCfg = Debug|Any CPU
		{D5A1A9AF-5319-4CC5-B5CE-E5C40000ACEF}.Ad-Hoc|x86.Build.0 = Debug|Any CPU
		{D5A1A9AF-5319-4CC5-B5CE-E5C40000ACEF}.AppStore|Any CPU.ActiveCfg = Debug|Any CPU
		{D5A1A9AF-5319-4CC5-B5CE-E5C40000ACEF}.AppStore|Any CPU.Build.0 = Debug|Any CPU
		{D5A1A9AF-5319-4CC5-B5CE-E5C40000ACEF}.AppStore|ARM.ActiveCfg = Debug|Any CPU
		{D5A1A9AF-5319-4CC5-B5CE-E5C40000ACEF}.AppStore|ARM.Build.0 = Debug|Any CPU
		{D5A1A9AF-5319-4CC5-B5CE-E5C40000ACEF}.AppStore|ARM64.ActiveCfg = Debug|Any CPU
		{D5A1A9AF-5319-4CC5-B5CE-E5C40000ACEF}.AppStore|ARM64.Build.0 = Debug|Any CPU
		{D5A1A9AF-5319-4CC5-B5CE-E5C40000ACEF}.AppStore|iPhone.ActiveCfg = Debug|Any CPU
		{D5A1A9AF-5319-4CC5-B5CE-E5C40000ACEF}.AppStore|iPhone.Build.0 = Debug|Any CPU
		{D5A1A9AF-5319-4CC5-B5CE-E5C40000ACEF}.AppStore|iPhoneSimulator.ActiveCfg = Debug|Any CPU
		{D5A1A9AF-5319-4CC5-B5CE-E5C40000ACEF}.AppStore|iPhoneSimulator.Build.0 = Debug|Any CPU
		{D5A1A9AF-5319-4CC5-B5CE-E5C40000ACEF}.AppStore|x64.ActiveCfg = Debug|Any CPU
		{D5A1A9AF-5319-4CC5-B5CE-E5C40000ACEF}.AppStore|x64.Build.0 = Debug|Any CPU
		{D5A1A9AF-5319-4CC5-B5CE-E5C40000ACEF}.AppStore|x86.ActiveCfg = Debug|Any CPU
		{D5A1A9AF-5319-4CC5-B5CE-E5C40000ACEF}.AppStore|x86.Build.0 = Debug|Any CPU
		{D5A1A9AF-5319-4CC5-B5CE-E5C40000ACEF}.Debug|Any CPU.ActiveCfg = Debug|Any CPU
		{D5A1A9AF-5319-4CC5-B5CE-E5C40000ACEF}.Debug|Any CPU.Build.0 = Debug|Any CPU
		{D5A1A9AF-5319-4CC5-B5CE-E5C40000ACEF}.Debug|ARM.ActiveCfg = Debug|Any CPU
		{D5A1A9AF-5319-4CC5-B5CE-E5C40000ACEF}.Debug|ARM.Build.0 = Debug|Any CPU
		{D5A1A9AF-5319-4CC5-B5CE-E5C40000ACEF}.Debug|ARM64.ActiveCfg = Debug|Any CPU
		{D5A1A9AF-5319-4CC5-B5CE-E5C40000ACEF}.Debug|ARM64.Build.0 = Debug|Any CPU
		{D5A1A9AF-5319-4CC5-B5CE-E5C40000ACEF}.Debug|iPhone.ActiveCfg = Debug|Any CPU
		{D5A1A9AF-5319-4CC5-B5CE-E5C40000ACEF}.Debug|iPhone.Build.0 = Debug|Any CPU
		{D5A1A9AF-5319-4CC5-B5CE-E5C40000ACEF}.Debug|iPhoneSimulator.ActiveCfg = Debug|Any CPU
		{D5A1A9AF-5319-4CC5-B5CE-E5C40000ACEF}.Debug|iPhoneSimulator.Build.0 = Debug|Any CPU
		{D5A1A9AF-5319-4CC5-B5CE-E5C40000ACEF}.Debug|x64.ActiveCfg = Debug|Any CPU
		{D5A1A9AF-5319-4CC5-B5CE-E5C40000ACEF}.Debug|x64.Build.0 = Debug|Any CPU
		{D5A1A9AF-5319-4CC5-B5CE-E5C40000ACEF}.Debug|x86.ActiveCfg = Debug|Any CPU
		{D5A1A9AF-5319-4CC5-B5CE-E5C40000ACEF}.Debug|x86.Build.0 = Debug|Any CPU
		{D5A1A9AF-5319-4CC5-B5CE-E5C40000ACEF}.Release|Any CPU.ActiveCfg = Release|Any CPU
		{D5A1A9AF-5319-4CC5-B5CE-E5C40000ACEF}.Release|Any CPU.Build.0 = Release|Any CPU
		{D5A1A9AF-5319-4CC5-B5CE-E5C40000ACEF}.Release|ARM.ActiveCfg = Release|Any CPU
		{D5A1A9AF-5319-4CC5-B5CE-E5C40000ACEF}.Release|ARM.Build.0 = Release|Any CPU
		{D5A1A9AF-5319-4CC5-B5CE-E5C40000ACEF}.Release|ARM64.ActiveCfg = Release|Any CPU
		{D5A1A9AF-5319-4CC5-B5CE-E5C40000ACEF}.Release|ARM64.Build.0 = Release|Any CPU
		{D5A1A9AF-5319-4CC5-B5CE-E5C40000ACEF}.Release|iPhone.ActiveCfg = Release|Any CPU
		{D5A1A9AF-5319-4CC5-B5CE-E5C40000ACEF}.Release|iPhone.Build.0 = Release|Any CPU
		{D5A1A9AF-5319-4CC5-B5CE-E5C40000ACEF}.Release|iPhoneSimulator.ActiveCfg = Release|Any CPU
		{D5A1A9AF-5319-4CC5-B5CE-E5C40000ACEF}.Release|iPhoneSimulator.Build.0 = Release|Any CPU
		{D5A1A9AF-5319-4CC5-B5CE-E5C40000ACEF}.Release|x64.ActiveCfg = Release|Any CPU
		{D5A1A9AF-5319-4CC5-B5CE-E5C40000ACEF}.Release|x64.Build.0 = Release|Any CPU
		{D5A1A9AF-5319-4CC5-B5CE-E5C40000ACEF}.Release|x86.ActiveCfg = Release|Any CPU
		{D5A1A9AF-5319-4CC5-B5CE-E5C40000ACEF}.Release|x86.Build.0 = Release|Any CPU
		{7631C7A4-9726-417C-A4C9-93EABBC5A990}.Ad-Hoc|Any CPU.ActiveCfg = Debug|Any CPU
		{7631C7A4-9726-417C-A4C9-93EABBC5A990}.Ad-Hoc|Any CPU.Build.0 = Debug|Any CPU
		{7631C7A4-9726-417C-A4C9-93EABBC5A990}.Ad-Hoc|ARM.ActiveCfg = Debug|Any CPU
		{7631C7A4-9726-417C-A4C9-93EABBC5A990}.Ad-Hoc|ARM.Build.0 = Debug|Any CPU
		{7631C7A4-9726-417C-A4C9-93EABBC5A990}.Ad-Hoc|ARM64.ActiveCfg = Debug|Any CPU
		{7631C7A4-9726-417C-A4C9-93EABBC5A990}.Ad-Hoc|ARM64.Build.0 = Debug|Any CPU
		{7631C7A4-9726-417C-A4C9-93EABBC5A990}.Ad-Hoc|iPhone.ActiveCfg = Debug|Any CPU
		{7631C7A4-9726-417C-A4C9-93EABBC5A990}.Ad-Hoc|iPhone.Build.0 = Debug|Any CPU
		{7631C7A4-9726-417C-A4C9-93EABBC5A990}.Ad-Hoc|iPhoneSimulator.ActiveCfg = Debug|Any CPU
		{7631C7A4-9726-417C-A4C9-93EABBC5A990}.Ad-Hoc|iPhoneSimulator.Build.0 = Debug|Any CPU
		{7631C7A4-9726-417C-A4C9-93EABBC5A990}.Ad-Hoc|x64.ActiveCfg = Debug|Any CPU
		{7631C7A4-9726-417C-A4C9-93EABBC5A990}.Ad-Hoc|x64.Build.0 = Debug|Any CPU
		{7631C7A4-9726-417C-A4C9-93EABBC5A990}.Ad-Hoc|x86.ActiveCfg = Debug|Any CPU
		{7631C7A4-9726-417C-A4C9-93EABBC5A990}.Ad-Hoc|x86.Build.0 = Debug|Any CPU
		{7631C7A4-9726-417C-A4C9-93EABBC5A990}.AppStore|Any CPU.ActiveCfg = Debug|Any CPU
		{7631C7A4-9726-417C-A4C9-93EABBC5A990}.AppStore|Any CPU.Build.0 = Debug|Any CPU
		{7631C7A4-9726-417C-A4C9-93EABBC5A990}.AppStore|ARM.ActiveCfg = Debug|Any CPU
		{7631C7A4-9726-417C-A4C9-93EABBC5A990}.AppStore|ARM.Build.0 = Debug|Any CPU
		{7631C7A4-9726-417C-A4C9-93EABBC5A990}.AppStore|ARM64.ActiveCfg = Debug|Any CPU
		{7631C7A4-9726-417C-A4C9-93EABBC5A990}.AppStore|ARM64.Build.0 = Debug|Any CPU
		{7631C7A4-9726-417C-A4C9-93EABBC5A990}.AppStore|iPhone.ActiveCfg = Debug|Any CPU
		{7631C7A4-9726-417C-A4C9-93EABBC5A990}.AppStore|iPhone.Build.0 = Debug|Any CPU
		{7631C7A4-9726-417C-A4C9-93EABBC5A990}.AppStore|iPhoneSimulator.ActiveCfg = Debug|Any CPU
		{7631C7A4-9726-417C-A4C9-93EABBC5A990}.AppStore|iPhoneSimulator.Build.0 = Debug|Any CPU
		{7631C7A4-9726-417C-A4C9-93EABBC5A990}.AppStore|x64.ActiveCfg = Debug|Any CPU
		{7631C7A4-9726-417C-A4C9-93EABBC5A990}.AppStore|x64.Build.0 = Debug|Any CPU
		{7631C7A4-9726-417C-A4C9-93EABBC5A990}.AppStore|x86.ActiveCfg = Debug|Any CPU
		{7631C7A4-9726-417C-A4C9-93EABBC5A990}.AppStore|x86.Build.0 = Debug|Any CPU
		{7631C7A4-9726-417C-A4C9-93EABBC5A990}.Debug|Any CPU.ActiveCfg = Debug|Any CPU
		{7631C7A4-9726-417C-A4C9-93EABBC5A990}.Debug|Any CPU.Build.0 = Debug|Any CPU
		{7631C7A4-9726-417C-A4C9-93EABBC5A990}.Debug|ARM.ActiveCfg = Debug|Any CPU
		{7631C7A4-9726-417C-A4C9-93EABBC5A990}.Debug|ARM.Build.0 = Debug|Any CPU
		{7631C7A4-9726-417C-A4C9-93EABBC5A990}.Debug|ARM64.ActiveCfg = Debug|Any CPU
		{7631C7A4-9726-417C-A4C9-93EABBC5A990}.Debug|ARM64.Build.0 = Debug|Any CPU
		{7631C7A4-9726-417C-A4C9-93EABBC5A990}.Debug|iPhone.ActiveCfg = Debug|Any CPU
		{7631C7A4-9726-417C-A4C9-93EABBC5A990}.Debug|iPhone.Build.0 = Debug|Any CPU
		{7631C7A4-9726-417C-A4C9-93EABBC5A990}.Debug|iPhoneSimulator.ActiveCfg = Debug|Any CPU
		{7631C7A4-9726-417C-A4C9-93EABBC5A990}.Debug|iPhoneSimulator.Build.0 = Debug|Any CPU
		{7631C7A4-9726-417C-A4C9-93EABBC5A990}.Debug|x64.ActiveCfg = Debug|Any CPU
		{7631C7A4-9726-417C-A4C9-93EABBC5A990}.Debug|x64.Build.0 = Debug|Any CPU
		{7631C7A4-9726-417C-A4C9-93EABBC5A990}.Debug|x86.ActiveCfg = Debug|Any CPU
		{7631C7A4-9726-417C-A4C9-93EABBC5A990}.Debug|x86.Build.0 = Debug|Any CPU
		{7631C7A4-9726-417C-A4C9-93EABBC5A990}.Release|Any CPU.ActiveCfg = Release|Any CPU
		{7631C7A4-9726-417C-A4C9-93EABBC5A990}.Release|Any CPU.Build.0 = Release|Any CPU
		{7631C7A4-9726-417C-A4C9-93EABBC5A990}.Release|ARM.ActiveCfg = Release|Any CPU
		{7631C7A4-9726-417C-A4C9-93EABBC5A990}.Release|ARM.Build.0 = Release|Any CPU
		{7631C7A4-9726-417C-A4C9-93EABBC5A990}.Release|ARM64.ActiveCfg = Release|Any CPU
		{7631C7A4-9726-417C-A4C9-93EABBC5A990}.Release|ARM64.Build.0 = Release|Any CPU
		{7631C7A4-9726-417C-A4C9-93EABBC5A990}.Release|iPhone.ActiveCfg = Release|Any CPU
		{7631C7A4-9726-417C-A4C9-93EABBC5A990}.Release|iPhone.Build.0 = Release|Any CPU
		{7631C7A4-9726-417C-A4C9-93EABBC5A990}.Release|iPhoneSimulator.ActiveCfg = Release|Any CPU
		{7631C7A4-9726-417C-A4C9-93EABBC5A990}.Release|iPhoneSimulator.Build.0 = Release|Any CPU
		{7631C7A4-9726-417C-A4C9-93EABBC5A990}.Release|x64.ActiveCfg = Release|Any CPU
		{7631C7A4-9726-417C-A4C9-93EABBC5A990}.Release|x64.Build.0 = Release|Any CPU
		{7631C7A4-9726-417C-A4C9-93EABBC5A990}.Release|x86.ActiveCfg = Release|Any CPU
		{7631C7A4-9726-417C-A4C9-93EABBC5A990}.Release|x86.Build.0 = Release|Any CPU
	EndGlobalSection
	GlobalSection(SolutionProperties) = preSolution
		HideSolutionNode = FALSE
	EndGlobalSection
	GlobalSection(NestedProjects) = preSolution
		{1716166D-6DB4-4B53-ABF3-4704A5E2B2C0} = {C27BB55A-10C1-41BA-8275-E469E742D16F}
		{094E0E65-BB3D-47CD-8282-16129E2040BB} = {C27BB55A-10C1-41BA-8275-E469E742D16F}
		{37A1D927-1FB5-4EC0-86A9-2A8D747EF999} = {C27BB55A-10C1-41BA-8275-E469E742D16F}
		{560028F3-E854-4EBD-84A7-45A444721FB1} = {C27BB55A-10C1-41BA-8275-E469E742D16F}
		{3BCC90DB-3976-4FAB-9784-9DBA6D2170A3} = {C27BB55A-10C1-41BA-8275-E469E742D16F}
		{2303CC3D-511B-43B4-A350-F91D03DE5CCB} = {C27BB55A-10C1-41BA-8275-E469E742D16F}
		{C7C34273-0E12-4FF0-A66A-9784E081B86E} = {C27BB55A-10C1-41BA-8275-E469E742D16F}
		{6A664386-4B86-47D2-AE34-D5B99E69182E} = {C27BB55A-10C1-41BA-8275-E469E742D16F}
		{D5A1A9AF-5319-4CC5-B5CE-E5C40000ACEF} = {C27BB55A-10C1-41BA-8275-E469E742D16F}
	EndGlobalSection
	GlobalSection(ExtensibilityGlobals) = postSolution
		SolutionGuid = {31FD12B9-239A-40AE-AF86-D4ACD4E9EBD1}
	EndGlobalSection
EndGlobal
